// !$*UTF8*$!
{
	archiveVersion = 1;
	classes = {
	};
	objectVersion = 56;
	objects = {

/* Begin PBXBuildFile section */
		C3269C2B2D18EF2500955074 /* SDWebImage in Frameworks */ = {isa = PBXBuildFile; productRef = C3269C2A2D18EF2500955074 /* SDWebImage */; };
		C33D8A702D189682004E902F /* EventDetailsVC.swift in Sources */ = {isa = PBXBuildFile; fileRef = C33D8A6F2D189682004E902F /* EventDetailsVC.swift */; };
		C33D8A722D189BBB004E902F /* BuyEventTicketsVC.swift in Sources */ = {isa = PBXBuildFile; fileRef = C33D8A712D189BBA004E902F /* BuyEventTicketsVC.swift */; };
		C33D8A742D18A293004E902F /* GoogleService-Info.plist in Resources */ = {isa = PBXBuildFile; fileRef = C33D8A732D18A293004E902F /* GoogleService-Info.plist */; };
		C33D8A762D18AC28004E902F /* CustomTabBarController.swift in Sources */ = {isa = PBXBuildFile; fileRef = C33D8A752D18AC28004E902F /* CustomTabBarController.swift */; };
		C33D8A782D18AD6F004E902F /* PaymentSuccessVC.swift in Sources */ = {isa = PBXBuildFile; fileRef = C33D8A772D18AD6F004E902F /* PaymentSuccessVC.swift */; };
		C3423CEA2D21FCED00066229 /* CardDetailsVC.swift in Sources */ = {isa = PBXBuildFile; fileRef = C3423CE92D21FCED00066229 /* CardDetailsVC.swift */; };
		C3423CEC2D22004A00066229 /* ProcessingPaymentVC.swift in Sources */ = {isa = PBXBuildFile; fileRef = C3423CEB2D22004A00066229 /* ProcessingPaymentVC.swift */; };
		C3423CF02D221A7100066229 /* AddReviewVC.swift in Sources */ = {isa = PBXBuildFile; fileRef = C3423CEF2D221A7100066229 /* AddReviewVC.swift */; };
		C3423CF22D223ADB00066229 /* RecommendedEventsVC.swift in Sources */ = {isa = PBXBuildFile; fileRef = C3423CF12D223ADB00066229 /* RecommendedEventsVC.swift */; };
		C342936B2D20996D00FADDED /* CreateNewOrganizerVC.swift in Sources */ = {isa = PBXBuildFile; fileRef = C342936A2D20996D00FADDED /* CreateNewOrganizerVC.swift */; };
		C342936D2D20A05D00FADDED /* OrganizerDetailsVC.swift in Sources */ = {isa = PBXBuildFile; fileRef = C342936C2D20A05D00FADDED /* OrganizerDetailsVC.swift */; };
		C342936F2D20A9B900FADDED /* Organizer.storyboard in Resources */ = {isa = PBXBuildFile; fileRef = C342936E2D20A9B900FADDED /* Organizer.storyboard */; };
		C34293732D20AAF800FADDED /* UserSessionManager.swift in Sources */ = {isa = PBXBuildFile; fileRef = C34293722D20AAEE00FADDED /* UserSessionManager.swift */; };
		C357C24F2D22D24E00573C92 /* UserProfileVC.swift in Sources */ = {isa = PBXBuildFile; fileRef = C357C24E2D22D24E00573C92 /* UserProfileVC.swift */; };
		C357C2512D22D4BB00573C92 /* EditProfileVC.swift in Sources */ = {isa = PBXBuildFile; fileRef = C357C2502D22D4BB00573C92 /* EditProfileVC.swift */; };
		C357C2552D2326E200573C92 /* NotificationsXibTableView.swift in Sources */ = {isa = PBXBuildFile; fileRef = C357C2542D2326D700573C92 /* NotificationsXibTableView.swift */; };
		C357C2572D23272600573C92 /* NotificationsXibTableView.xib in Resources */ = {isa = PBXBuildFile; fileRef = C357C2562D23272600573C92 /* NotificationsXibTableView.xib */; };
		C357C2592D23290600573C92 /* NotificationVC.swift in Sources */ = {isa = PBXBuildFile; fileRef = C357C2582D23290600573C92 /* NotificationVC.swift */; };
		C357C25B2D232EBC00573C92 /* OrganizerLogoutVC.swift in Sources */ = {isa = PBXBuildFile; fileRef = C357C25A2D232EBC00573C92 /* OrganizerLogoutVC.swift */; };
		C357C25D2D232F0600573C92 /* AdminLogoutVC.swift in Sources */ = {isa = PBXBuildFile; fileRef = C357C25C2D232F0600573C92 /* AdminLogoutVC.swift */; };
		C358BF322D18E7A1003947B4 /* IQKeyboardManagerSwift in Frameworks */ = {isa = PBXBuildFile; productRef = C358BF312D18E7A1003947B4 /* IQKeyboardManagerSwift */; };
		C358BF352D18E7DA003947B4 /* FSCalendar in Frameworks */ = {isa = PBXBuildFile; productRef = C358BF342D18E7DA003947B4 /* FSCalendar */; };
		C359BD5E2D181B870066259F /* CustomTextField.swift in Sources */ = {isa = PBXBuildFile; fileRef = C359BD5D2D181B870066259F /* CustomTextField.swift */; };
		C359BD602D1822600066259F /* CustomBackButton.swift in Sources */ = {isa = PBXBuildFile; fileRef = C359BD5F2D1822600066259F /* CustomBackButton.swift */; };
		C359BD642D182A240066259F /* AccoutCreatedVC.swift in Sources */ = {isa = PBXBuildFile; fileRef = C359BD632D182A240066259F /* AccoutCreatedVC.swift */; };
		C359BD662D1832800066259F /* AccountSetup.storyboard in Resources */ = {isa = PBXBuildFile; fileRef = C359BD652D1832800066259F /* AccountSetup.storyboard */; };
		C359BD692D1832AC0066259F /* PersonalizeVC.swift in Sources */ = {isa = PBXBuildFile; fileRef = C359BD682D1832AC0066259F /* PersonalizeVC.swift */; };
		C359BD6B2D1836660066259F /* GenderSelectVC.swift in Sources */ = {isa = PBXBuildFile; fileRef = C359BD6A2D1836660066259F /* GenderSelectVC.swift */; };
		C35D4B7D2D200AB200D75A6C /* EventModel.swift in Sources */ = {isa = PBXBuildFile; fileRef = C35D4B7C2D200AB200D75A6C /* EventModel.swift */; };
		C35D4B7F2D200AD200D75A6C /* UserModel.swift in Sources */ = {isa = PBXBuildFile; fileRef = C35D4B7E2D200AD200D75A6C /* UserModel.swift */; };
		C35D4B812D200B7C00D75A6C /* RegistrationModel.swift in Sources */ = {isa = PBXBuildFile; fileRef = C35D4B802D200B7C00D75A6C /* RegistrationModel.swift */; };
		C35D4B832D200B9700D75A6C /* FeedBackModel.swift in Sources */ = {isa = PBXBuildFile; fileRef = C35D4B822D200B9700D75A6C /* FeedBackModel.swift */; };
		C35D4B852D200BA600D75A6C /* OrganizerModel.swift in Sources */ = {isa = PBXBuildFile; fileRef = C35D4B842D200BA600D75A6C /* OrganizerModel.swift */; };
		C35D4B872D200BB300D75A6C /* AdminModel.swift in Sources */ = {isa = PBXBuildFile; fileRef = C35D4B862D200BB300D75A6C /* AdminModel.swift */; };
		C35D4B892D200BC500D75A6C /* TicketModel.swift in Sources */ = {isa = PBXBuildFile; fileRef = C35D4B882D200BC500D75A6C /* TicketModel.swift */; };
		C35D4B8E2D201F8400D75A6C /* AdminFeatures.swift in Sources */ = {isa = PBXBuildFile; fileRef = C35D4B8D2D201F8400D75A6C /* AdminFeatures.swift */; };
		C35D4B902D201FAC00D75A6C /* OrganizerEventsFeatures.swift in Sources */ = {isa = PBXBuildFile; fileRef = C35D4B8F2D201FAC00D75A6C /* OrganizerEventsFeatures.swift */; };
		C35D4B922D2031C400D75A6C /* UserFeatures.swift in Sources */ = {isa = PBXBuildFile; fileRef = C35D4B912D2031C400D75A6C /* UserFeatures.swift */; };
		C35D4B952D20552100D75A6C /* AdminHomeVC.swift in Sources */ = {isa = PBXBuildFile; fileRef = C35D4B942D20552100D75A6C /* AdminHomeVC.swift */; };
		C35D4B982D2055DE00D75A6C /* AdminAllOrganizersXibTableView.xib in Resources */ = {isa = PBXBuildFile; fileRef = C35D4B972D2055DE00D75A6C /* AdminAllOrganizersXibTableView.xib */; };
		C35D4B9A2D20562400D75A6C /* AdminAllOrganizersXibTableView.swift in Sources */ = {isa = PBXBuildFile; fileRef = C35D4B992D20562400D75A6C /* AdminAllOrganizersXibTableView.swift */; };
		C35D4B9C2D20682E00D75A6C /* ImageViewExtensions.swift in Sources */ = {isa = PBXBuildFile; fileRef = C35D4B9B2D20682E00D75A6C /* ImageViewExtensions.swift */; };
		C370771E2D2155ED000E4CB8 /* OrganizerEventDetailsVC.swift in Sources */ = {isa = PBXBuildFile; fileRef = C370771D2D2155ED000E4CB8 /* OrganizerEventDetailsVC.swift */; };
		C37077212D215AC2000E4CB8 /* EventReviewsXibTableView.xib in Resources */ = {isa = PBXBuildFile; fileRef = C37077202D215AC2000E4CB8 /* EventReviewsXibTableView.xib */; };
		C37077232D215ACB000E4CB8 /* EventReviewsXibTableView.swift in Sources */ = {isa = PBXBuildFile; fileRef = C37077222D215ACB000E4CB8 /* EventReviewsXibTableView.swift */; };
		C37077252D217B8A000E4CB8 /* EditEventVC.swift in Sources */ = {isa = PBXBuildFile; fileRef = C37077242D217B8A000E4CB8 /* EditEventVC.swift */; };
		C37077272D217EBC000E4CB8 /* EventEditSuccessVC.swift in Sources */ = {isa = PBXBuildFile; fileRef = C37077262D217EBC000E4CB8 /* EventEditSuccessVC.swift */; };
		C37077292D218A69000E4CB8 /* EditOrganizerVC.swift in Sources */ = {isa = PBXBuildFile; fileRef = C37077282D218A69000E4CB8 /* EditOrganizerVC.swift */; };
		C370772B2D21A9A6000E4CB8 /* SelectIntrestsVC.swift in Sources */ = {isa = PBXBuildFile; fileRef = C370772A2D21A9A6000E4CB8 /* SelectIntrestsVC.swift */; };
		C37377552D185B7100F7A6C9 /* TermsAndConditionsVC.swift in Sources */ = {isa = PBXBuildFile; fileRef = C37377542D185B7100F7A6C9 /* TermsAndConditionsVC.swift */; };
		C37377572D185CFD00F7A6C9 /* UserScreens.storyboard in Resources */ = {isa = PBXBuildFile; fileRef = C37377562D185CFD00F7A6C9 /* UserScreens.storyboard */; };
		C373775A2D185F0500F7A6C9 /* HomeVC.swift in Sources */ = {isa = PBXBuildFile; fileRef = C37377592D185F0500F7A6C9 /* HomeVC.swift */; };
		C373775C2D18600800F7A6C9 /* ExploreVC.swift in Sources */ = {isa = PBXBuildFile; fileRef = C373775B2D18600800F7A6C9 /* ExploreVC.swift */; };
		C38259392D18B01D00C5FB84 /* Tickets.storyboard in Resources */ = {isa = PBXBuildFile; fileRef = C38259382D18B01D00C5FB84 /* Tickets.storyboard */; };
		C382593C2D18B0A300C5FB84 /* TicketsCell.xib in Resources */ = {isa = PBXBuildFile; fileRef = C382593B2D18B0A300C5FB84 /* TicketsCell.xib */; };
		C382593E2D18B0BD00C5FB84 /* TicketsCell.swift in Sources */ = {isa = PBXBuildFile; fileRef = C382593D2D18B0BD00C5FB84 /* TicketsCell.swift */; };
		C38259402D18B22100C5FB84 /* TicketsVC.swift in Sources */ = {isa = PBXBuildFile; fileRef = C382593F2D18B22100C5FB84 /* TicketsVC.swift */; };
		C38259432D18B47500C5FB84 /* BoughtTicketsDetailsVC.swift in Sources */ = {isa = PBXBuildFile; fileRef = C38259422D18B47500C5FB84 /* BoughtTicketsDetailsVC.swift */; };
		C3A3D43F2D20ACBE00500EC2 /* AuthFeatures.swift in Sources */ = {isa = PBXBuildFile; fileRef = C3A3D43E2D20ACBE00500EC2 /* AuthFeatures.swift */; };
		C3A3D4422D20BAF900500EC2 /* CreateNewEventVC.swift in Sources */ = {isa = PBXBuildFile; fileRef = C3A3D4412D20BAF900500EC2 /* CreateNewEventVC.swift */; };
		C3AAAEDD2D18EDB600F66B05 /* FirebaseAnalytics in Frameworks */ = {isa = PBXBuildFile; productRef = C3AAAEDC2D18EDB600F66B05 /* FirebaseAnalytics */; };
		C3AAAEDF2D18EDB600F66B05 /* FirebaseAnalyticsOnDeviceConversion in Frameworks */ = {isa = PBXBuildFile; productRef = C3AAAEDE2D18EDB600F66B05 /* FirebaseAnalyticsOnDeviceConversion */; };
		C3AAAEE12D18EDB600F66B05 /* FirebaseAnalyticsWithoutAdIdSupport in Frameworks */ = {isa = PBXBuildFile; productRef = C3AAAEE02D18EDB600F66B05 /* FirebaseAnalyticsWithoutAdIdSupport */; };
		C3AAAEE32D18EDB600F66B05 /* FirebaseAppCheck in Frameworks */ = {isa = PBXBuildFile; productRef = C3AAAEE22D18EDB600F66B05 /* FirebaseAppCheck */; };
		C3AAAEE52D18EDB600F66B05 /* FirebaseAppDistribution-Beta in Frameworks */ = {isa = PBXBuildFile; productRef = C3AAAEE42D18EDB600F66B05 /* FirebaseAppDistribution-Beta */; };
		C3AAAEE72D18EDB600F66B05 /* FirebaseAuth in Frameworks */ = {isa = PBXBuildFile; productRef = C3AAAEE62D18EDB600F66B05 /* FirebaseAuth */; };
		C3AAAEE92D18EDB600F66B05 /* FirebaseAuthCombine-Community in Frameworks */ = {isa = PBXBuildFile; productRef = C3AAAEE82D18EDB600F66B05 /* FirebaseAuthCombine-Community */; };
		C3AAAEEB2D18EDB600F66B05 /* FirebaseCore in Frameworks */ = {isa = PBXBuildFile; productRef = C3AAAEEA2D18EDB600F66B05 /* FirebaseCore */; };
		C3AAAEED2D18EDB600F66B05 /* FirebaseCrashlytics in Frameworks */ = {isa = PBXBuildFile; productRef = C3AAAEEC2D18EDB600F66B05 /* FirebaseCrashlytics */; };
		C3AAAEEF2D18EDB600F66B05 /* FirebaseDatabase in Frameworks */ = {isa = PBXBuildFile; productRef = C3AAAEEE2D18EDB600F66B05 /* FirebaseDatabase */; };
		C3AAAEF12D18EDB600F66B05 /* FirebaseDynamicLinks in Frameworks */ = {isa = PBXBuildFile; productRef = C3AAAEF02D18EDB600F66B05 /* FirebaseDynamicLinks */; };
		C3AAAEF32D18EDB600F66B05 /* FirebaseFirestore in Frameworks */ = {isa = PBXBuildFile; productRef = C3AAAEF22D18EDB600F66B05 /* FirebaseFirestore */; };
		C3AAAEF52D18EDB600F66B05 /* FirebaseFirestoreCombine-Community in Frameworks */ = {isa = PBXBuildFile; productRef = C3AAAEF42D18EDB600F66B05 /* FirebaseFirestoreCombine-Community */; };
		C3AAAEF72D18EDB600F66B05 /* FirebaseFunctions in Frameworks */ = {isa = PBXBuildFile; productRef = C3AAAEF62D18EDB600F66B05 /* FirebaseFunctions */; };
		C3AAAEF92D18EDB600F66B05 /* FirebaseFunctionsCombine-Community in Frameworks */ = {isa = PBXBuildFile; productRef = C3AAAEF82D18EDB600F66B05 /* FirebaseFunctionsCombine-Community */; };
		C3AAAEFB2D18EDB600F66B05 /* FirebaseInAppMessaging-Beta in Frameworks */ = {isa = PBXBuildFile; productRef = C3AAAEFA2D18EDB600F66B05 /* FirebaseInAppMessaging-Beta */; };
		C3AAAEFD2D18EDB600F66B05 /* FirebaseInstallations in Frameworks */ = {isa = PBXBuildFile; productRef = C3AAAEFC2D18EDB600F66B05 /* FirebaseInstallations */; };
		C3AAAEFF2D18EDB600F66B05 /* FirebaseMLModelDownloader in Frameworks */ = {isa = PBXBuildFile; productRef = C3AAAEFE2D18EDB600F66B05 /* FirebaseMLModelDownloader */; };
		C3AAAF012D18EDB600F66B05 /* FirebaseMessaging in Frameworks */ = {isa = PBXBuildFile; productRef = C3AAAF002D18EDB600F66B05 /* FirebaseMessaging */; };
		C3AAAF032D18EDB600F66B05 /* FirebasePerformance in Frameworks */ = {isa = PBXBuildFile; productRef = C3AAAF022D18EDB600F66B05 /* FirebasePerformance */; };
		C3AAAF052D18EDB600F66B05 /* FirebaseRemoteConfig in Frameworks */ = {isa = PBXBuildFile; productRef = C3AAAF042D18EDB600F66B05 /* FirebaseRemoteConfig */; };
		C3AAAF072D18EDB600F66B05 /* FirebaseStorage in Frameworks */ = {isa = PBXBuildFile; productRef = C3AAAF062D18EDB600F66B05 /* FirebaseStorage */; };
		C3AAAF092D18EDB600F66B05 /* FirebaseStorageCombine-Community in Frameworks */ = {isa = PBXBuildFile; productRef = C3AAAF082D18EDB600F66B05 /* FirebaseStorageCombine-Community */; };
		C3AAAF0B2D18EDB600F66B05 /* FirebaseVertexAI in Frameworks */ = {isa = PBXBuildFile; productRef = C3AAAF0A2D18EDB600F66B05 /* FirebaseVertexAI */; };
		C3AF16F82D20BBAD004BCC5F /* iOSDropDown in Frameworks */ = {isa = PBXBuildFile; productRef = C3AF16F72D20BBAD004BCC5F /* iOSDropDown */; };
		C3AF16FA2D20BE49004BCC5F /* TextFieldExtension.swift in Sources */ = {isa = PBXBuildFile; fileRef = C3AF16F92D20BE40004BCC5F /* TextFieldExtension.swift */; };
		C3AF16FC2D20C435004BCC5F /* OrganizerHomeVC.swift in Sources */ = {isa = PBXBuildFile; fileRef = C3AF16FB2D20C435004BCC5F /* OrganizerHomeVC.swift */; };
		C3AF16FE2D20D2E1004BCC5F /* UILabelExtension.swift in Sources */ = {isa = PBXBuildFile; fileRef = C3AF16FD2D20D2DB004BCC5F /* UILabelExtension.swift */; };
		C3B5B8412D180DD400195BBE /* AppDelegate.swift in Sources */ = {isa = PBXBuildFile; fileRef = C3B5B8402D180DD400195BBE /* AppDelegate.swift */; };
		C3B5B8432D180DD400195BBE /* SceneDelegate.swift in Sources */ = {isa = PBXBuildFile; fileRef = C3B5B8422D180DD400195BBE /* SceneDelegate.swift */; };
		C3B5B8452D180DD400195BBE /* WelcomeVC.swift in Sources */ = {isa = PBXBuildFile; fileRef = C3B5B8442D180DD400195BBE /* WelcomeVC.swift */; };
		C3B5B8482D180DD400195BBE /* Main.storyboard in Resources */ = {isa = PBXBuildFile; fileRef = C3B5B8462D180DD400195BBE /* Main.storyboard */; };
		C3B5B84A2D180DD500195BBE /* Assets.xcassets in Resources */ = {isa = PBXBuildFile; fileRef = C3B5B8492D180DD500195BBE /* Assets.xcassets */; };
		C3B5B84D2D180DD500195BBE /* LaunchScreen.storyboard in Resources */ = {isa = PBXBuildFile; fileRef = C3B5B84B2D180DD500195BBE /* LaunchScreen.storyboard */; };
		C3B5B8582D180DD500195BBE /* LeventTests.swift in Sources */ = {isa = PBXBuildFile; fileRef = C3B5B8572D180DD500195BBE /* LeventTests.swift */; };
		C3B5B8622D180DD600195BBE /* LeventUITests.swift in Sources */ = {isa = PBXBuildFile; fileRef = C3B5B8612D180DD600195BBE /* LeventUITests.swift */; };
		C3B5B8642D180DD600195BBE /* LeventUITestsLaunchTests.swift in Sources */ = {isa = PBXBuildFile; fileRef = C3B5B8632D180DD600195BBE /* LeventUITestsLaunchTests.swift */; };
		C3B5B8722D180EAC00195BBE /* StoryBoardExtensions.swift in Sources */ = {isa = PBXBuildFile; fileRef = C3B5B8712D180EAC00195BBE /* StoryBoardExtensions.swift */; };
		C3B5B8772D18166100195BBE /* CustomRoundedButtoon.swift in Sources */ = {isa = PBXBuildFile; fileRef = C3B5B8762D18166100195BBE /* CustomRoundedButtoon.swift */; };
		C3B5B87A2D18176600195BBE /* SigninVC.swift in Sources */ = {isa = PBXBuildFile; fileRef = C3B5B8792D18176600195BBE /* SigninVC.swift */; };
		C3B5B87C2D1817D100195BBE /* RegisterVC.swift in Sources */ = {isa = PBXBuildFile; fileRef = C3B5B87B2D1817D100195BBE /* RegisterVC.swift */; };
		C3E6F6222D184A2E00799504 /* SelectBirthdayVC.swift in Sources */ = {isa = PBXBuildFile; fileRef = C3E6F6212D184A2E00799504 /* SelectBirthdayVC.swift */; };
		C3E96D172D18C78900DCADC0 /* CustomLoader.swift in Sources */ = {isa = PBXBuildFile; fileRef = C3E96D162D18C78900DCADC0 /* CustomLoader.swift */; };
		C3E96D192D18D0FB00DCADC0 /* Admin.storyboard in Resources */ = {isa = PBXBuildFile; fileRef = C3E96D182D18D0FB00DCADC0 /* Admin.storyboard */; };
		C3EECD4D2D18667600A5E9DC /* EventCell.xib in Resources */ = {isa = PBXBuildFile; fileRef = C3EECD4C2D18667600A5E9DC /* EventCell.xib */; };
		C3EECD4F2D18669200A5E9DC /* EventCell.swift in Sources */ = {isa = PBXBuildFile; fileRef = C3EECD4E2D18669100A5E9DC /* EventCell.swift */; };
		C3EECD542D18832E00A5E9DC /* UIView.swift in Sources */ = {isa = PBXBuildFile; fileRef = C3EECD532D18832E00A5E9DC /* UIView.swift */; };
		C3EECD562D18840400A5E9DC /* MainEventsVC.swift in Sources */ = {isa = PBXBuildFile; fileRef = C3EECD552D18840400A5E9DC /* MainEventsVC.swift */; };
		C3EECD592D18844C00A5E9DC /* EventTableViewCell.xib in Resources */ = {isa = PBXBuildFile; fileRef = C3EECD582D18844C00A5E9DC /* EventTableViewCell.xib */; };
		C3EECD5B2D18846600A5E9DC /* EventTableViewCell.swift in Sources */ = {isa = PBXBuildFile; fileRef = C3EECD5A2D18846600A5E9DC /* EventTableViewCell.swift */; };
/* End PBXBuildFile section */

/* Begin PBXContainerItemProxy section */
		C3B5B8542D180DD500195BBE /* PBXContainerItemProxy */ = {
			isa = PBXContainerItemProxy;
			containerPortal = C3B5B8352D180DD400195BBE /* Project object */;
			proxyType = 1;
			remoteGlobalIDString = C3B5B83C2D180DD400195BBE;
			remoteInfo = Levent;
		};
		C3B5B85E2D180DD600195BBE /* PBXContainerItemProxy */ = {
			isa = PBXContainerItemProxy;
			containerPortal = C3B5B8352D180DD400195BBE /* Project object */;
			proxyType = 1;
			remoteGlobalIDString = C3B5B83C2D180DD400195BBE;
			remoteInfo = Levent;
		};
/* End PBXContainerItemProxy section */

/* Begin PBXFileReference section */
		C33D8A6F2D189682004E902F /* EventDetailsVC.swift */ = {isa = PBXFileReference; lastKnownFileType = sourcecode.swift; path = EventDetailsVC.swift; sourceTree = "<group>"; };
		C33D8A712D189BBA004E902F /* BuyEventTicketsVC.swift */ = {isa = PBXFileReference; lastKnownFileType = sourcecode.swift; path = BuyEventTicketsVC.swift; sourceTree = "<group>"; };
		C33D8A732D18A293004E902F /* GoogleService-Info.plist */ = {isa = PBXFileReference; fileEncoding = 4; lastKnownFileType = text.plist.xml; path = "GoogleService-Info.plist"; sourceTree = "<group>"; };
		C33D8A752D18AC28004E902F /* CustomTabBarController.swift */ = {isa = PBXFileReference; lastKnownFileType = sourcecode.swift; path = CustomTabBarController.swift; sourceTree = "<group>"; };
		C33D8A772D18AD6F004E902F /* PaymentSuccessVC.swift */ = {isa = PBXFileReference; lastKnownFileType = sourcecode.swift; path = PaymentSuccessVC.swift; sourceTree = "<group>"; };
		C3423CE92D21FCED00066229 /* CardDetailsVC.swift */ = {isa = PBXFileReference; lastKnownFileType = sourcecode.swift; path = CardDetailsVC.swift; sourceTree = "<group>"; };
		C3423CEB2D22004A00066229 /* ProcessingPaymentVC.swift */ = {isa = PBXFileReference; lastKnownFileType = sourcecode.swift; path = ProcessingPaymentVC.swift; sourceTree = "<group>"; };
		C3423CEF2D221A7100066229 /* AddReviewVC.swift */ = {isa = PBXFileReference; lastKnownFileType = sourcecode.swift; path = AddReviewVC.swift; sourceTree = "<group>"; };
		C3423CF12D223ADB00066229 /* RecommendedEventsVC.swift */ = {isa = PBXFileReference; lastKnownFileType = sourcecode.swift; path = RecommendedEventsVC.swift; sourceTree = "<group>"; };
		C342936A2D20996D00FADDED /* CreateNewOrganizerVC.swift */ = {isa = PBXFileReference; lastKnownFileType = sourcecode.swift; path = CreateNewOrganizerVC.swift; sourceTree = "<group>"; };
		C342936C2D20A05D00FADDED /* OrganizerDetailsVC.swift */ = {isa = PBXFileReference; lastKnownFileType = sourcecode.swift; path = OrganizerDetailsVC.swift; sourceTree = "<group>"; };
		C342936E2D20A9B900FADDED /* Organizer.storyboard */ = {isa = PBXFileReference; lastKnownFileType = file.storyboard; path = Organizer.storyboard; sourceTree = "<group>"; };
		C34293722D20AAEE00FADDED /* UserSessionManager.swift */ = {isa = PBXFileReference; lastKnownFileType = sourcecode.swift; path = UserSessionManager.swift; sourceTree = "<group>"; };
		C357C24E2D22D24E00573C92 /* UserProfileVC.swift */ = {isa = PBXFileReference; lastKnownFileType = sourcecode.swift; path = UserProfileVC.swift; sourceTree = "<group>"; };
		C357C2502D22D4BB00573C92 /* EditProfileVC.swift */ = {isa = PBXFileReference; lastKnownFileType = sourcecode.swift; path = EditProfileVC.swift; sourceTree = "<group>"; };
		C357C2542D2326D700573C92 /* NotificationsXibTableView.swift */ = {isa = PBXFileReference; lastKnownFileType = sourcecode.swift; path = NotificationsXibTableView.swift; sourceTree = "<group>"; };
		C357C2562D23272600573C92 /* NotificationsXibTableView.xib */ = {isa = PBXFileReference; lastKnownFileType = file.xib; path = NotificationsXibTableView.xib; sourceTree = "<group>"; };
		C357C2582D23290600573C92 /* NotificationVC.swift */ = {isa = PBXFileReference; lastKnownFileType = sourcecode.swift; path = NotificationVC.swift; sourceTree = "<group>"; };
		C357C25A2D232EBC00573C92 /* OrganizerLogoutVC.swift */ = {isa = PBXFileReference; lastKnownFileType = sourcecode.swift; path = OrganizerLogoutVC.swift; sourceTree = "<group>"; };
		C357C25C2D232F0600573C92 /* AdminLogoutVC.swift */ = {isa = PBXFileReference; lastKnownFileType = sourcecode.swift; path = AdminLogoutVC.swift; sourceTree = "<group>"; };
		C359BD5D2D181B870066259F /* CustomTextField.swift */ = {isa = PBXFileReference; lastKnownFileType = sourcecode.swift; path = CustomTextField.swift; sourceTree = "<group>"; };
		C359BD5F2D1822600066259F /* CustomBackButton.swift */ = {isa = PBXFileReference; lastKnownFileType = sourcecode.swift; path = CustomBackButton.swift; sourceTree = "<group>"; };
		C359BD632D182A240066259F /* AccoutCreatedVC.swift */ = {isa = PBXFileReference; lastKnownFileType = sourcecode.swift; path = AccoutCreatedVC.swift; sourceTree = "<group>"; };
		C359BD652D1832800066259F /* AccountSetup.storyboard */ = {isa = PBXFileReference; lastKnownFileType = file.storyboard; path = AccountSetup.storyboard; sourceTree = "<group>"; };
		C359BD682D1832AC0066259F /* PersonalizeVC.swift */ = {isa = PBXFileReference; lastKnownFileType = sourcecode.swift; path = PersonalizeVC.swift; sourceTree = "<group>"; };
		C359BD6A2D1836660066259F /* GenderSelectVC.swift */ = {isa = PBXFileReference; lastKnownFileType = sourcecode.swift; path = GenderSelectVC.swift; sourceTree = "<group>"; };
		C35D4B7C2D200AB200D75A6C /* EventModel.swift */ = {isa = PBXFileReference; lastKnownFileType = sourcecode.swift; path = EventModel.swift; sourceTree = "<group>"; };
		C35D4B7E2D200AD200D75A6C /* UserModel.swift */ = {isa = PBXFileReference; lastKnownFileType = sourcecode.swift; path = UserModel.swift; sourceTree = "<group>"; };
		C35D4B802D200B7C00D75A6C /* RegistrationModel.swift */ = {isa = PBXFileReference; lastKnownFileType = sourcecode.swift; path = RegistrationModel.swift; sourceTree = "<group>"; };
		C35D4B822D200B9700D75A6C /* FeedBackModel.swift */ = {isa = PBXFileReference; lastKnownFileType = sourcecode.swift; path = FeedBackModel.swift; sourceTree = "<group>"; };
		C35D4B842D200BA600D75A6C /* OrganizerModel.swift */ = {isa = PBXFileReference; lastKnownFileType = sourcecode.swift; path = OrganizerModel.swift; sourceTree = "<group>"; };
		C35D4B862D200BB300D75A6C /* AdminModel.swift */ = {isa = PBXFileReference; lastKnownFileType = sourcecode.swift; path = AdminModel.swift; sourceTree = "<group>"; };
		C35D4B882D200BC500D75A6C /* TicketModel.swift */ = {isa = PBXFileReference; lastKnownFileType = sourcecode.swift; path = TicketModel.swift; sourceTree = "<group>"; };
		C35D4B8D2D201F8400D75A6C /* AdminFeatures.swift */ = {isa = PBXFileReference; lastKnownFileType = sourcecode.swift; path = AdminFeatures.swift; sourceTree = "<group>"; };
		C35D4B8F2D201FAC00D75A6C /* OrganizerEventsFeatures.swift */ = {isa = PBXFileReference; lastKnownFileType = sourcecode.swift; path = OrganizerEventsFeatures.swift; sourceTree = "<group>"; };
		C35D4B912D2031C400D75A6C /* UserFeatures.swift */ = {isa = PBXFileReference; lastKnownFileType = sourcecode.swift; path = UserFeatures.swift; sourceTree = "<group>"; };
		C35D4B942D20552100D75A6C /* AdminHomeVC.swift */ = {isa = PBXFileReference; lastKnownFileType = sourcecode.swift; path = AdminHomeVC.swift; sourceTree = "<group>"; };
		C35D4B972D2055DE00D75A6C /* AdminAllOrganizersXibTableView.xib */ = {isa = PBXFileReference; lastKnownFileType = file.xib; path = AdminAllOrganizersXibTableView.xib; sourceTree = "<group>"; };
		C35D4B992D20562400D75A6C /* AdminAllOrganizersXibTableView.swift */ = {isa = PBXFileReference; lastKnownFileType = sourcecode.swift; path = AdminAllOrganizersXibTableView.swift; sourceTree = "<group>"; };
		C35D4B9B2D20682E00D75A6C /* ImageViewExtensions.swift */ = {isa = PBXFileReference; lastKnownFileType = sourcecode.swift; path = ImageViewExtensions.swift; sourceTree = "<group>"; };
		C370771D2D2155ED000E4CB8 /* OrganizerEventDetailsVC.swift */ = {isa = PBXFileReference; lastKnownFileType = sourcecode.swift; path = OrganizerEventDetailsVC.swift; sourceTree = "<group>"; };
		C37077202D215AC2000E4CB8 /* EventReviewsXibTableView.xib */ = {isa = PBXFileReference; lastKnownFileType = file.xib; path = EventReviewsXibTableView.xib; sourceTree = "<group>"; };
		C37077222D215ACB000E4CB8 /* EventReviewsXibTableView.swift */ = {isa = PBXFileReference; lastKnownFileType = sourcecode.swift; path = EventReviewsXibTableView.swift; sourceTree = "<group>"; };
		C37077242D217B8A000E4CB8 /* EditEventVC.swift */ = {isa = PBXFileReference; lastKnownFileType = sourcecode.swift; path = EditEventVC.swift; sourceTree = "<group>"; };
		C37077262D217EBC000E4CB8 /* EventEditSuccessVC.swift */ = {isa = PBXFileReference; lastKnownFileType = sourcecode.swift; path = EventEditSuccessVC.swift; sourceTree = "<group>"; };
		C37077282D218A69000E4CB8 /* EditOrganizerVC.swift */ = {isa = PBXFileReference; lastKnownFileType = sourcecode.swift; path = EditOrganizerVC.swift; sourceTree = "<group>"; };
		C370772A2D21A9A6000E4CB8 /* SelectIntrestsVC.swift */ = {isa = PBXFileReference; lastKnownFileType = sourcecode.swift; path = SelectIntrestsVC.swift; sourceTree = "<group>"; };
		C37377542D185B7100F7A6C9 /* TermsAndConditionsVC.swift */ = {isa = PBXFileReference; lastKnownFileType = sourcecode.swift; path = TermsAndConditionsVC.swift; sourceTree = "<group>"; };
		C37377562D185CFD00F7A6C9 /* UserScreens.storyboard */ = {isa = PBXFileReference; lastKnownFileType = file.storyboard; path = UserScreens.storyboard; sourceTree = "<group>"; };
		C37377592D185F0500F7A6C9 /* HomeVC.swift */ = {isa = PBXFileReference; lastKnownFileType = sourcecode.swift; path = HomeVC.swift; sourceTree = "<group>"; };
		C373775B2D18600800F7A6C9 /* ExploreVC.swift */ = {isa = PBXFileReference; lastKnownFileType = sourcecode.swift; path = ExploreVC.swift; sourceTree = "<group>"; };
		C38259382D18B01D00C5FB84 /* Tickets.storyboard */ = {isa = PBXFileReference; lastKnownFileType = file.storyboard; path = Tickets.storyboard; sourceTree = "<group>"; };
		C382593B2D18B0A300C5FB84 /* TicketsCell.xib */ = {isa = PBXFileReference; lastKnownFileType = file.xib; path = TicketsCell.xib; sourceTree = "<group>"; };
		C382593D2D18B0BD00C5FB84 /* TicketsCell.swift */ = {isa = PBXFileReference; lastKnownFileType = sourcecode.swift; path = TicketsCell.swift; sourceTree = "<group>"; };
		C382593F2D18B22100C5FB84 /* TicketsVC.swift */ = {isa = PBXFileReference; lastKnownFileType = sourcecode.swift; path = TicketsVC.swift; sourceTree = "<group>"; };
		C38259422D18B47500C5FB84 /* BoughtTicketsDetailsVC.swift */ = {isa = PBXFileReference; lastKnownFileType = sourcecode.swift; path = BoughtTicketsDetailsVC.swift; sourceTree = "<group>"; };
		C3A3D43E2D20ACBE00500EC2 /* AuthFeatures.swift */ = {isa = PBXFileReference; lastKnownFileType = sourcecode.swift; path = AuthFeatures.swift; sourceTree = "<group>"; };
		C3A3D4412D20BAF900500EC2 /* CreateNewEventVC.swift */ = {isa = PBXFileReference; lastKnownFileType = sourcecode.swift; path = CreateNewEventVC.swift; sourceTree = "<group>"; };
		C3AF16F92D20BE40004BCC5F /* TextFieldExtension.swift */ = {isa = PBXFileReference; lastKnownFileType = sourcecode.swift; path = TextFieldExtension.swift; sourceTree = "<group>"; };
		C3AF16FB2D20C435004BCC5F /* OrganizerHomeVC.swift */ = {isa = PBXFileReference; lastKnownFileType = sourcecode.swift; path = OrganizerHomeVC.swift; sourceTree = "<group>"; };
		C3AF16FD2D20D2DB004BCC5F /* UILabelExtension.swift */ = {isa = PBXFileReference; lastKnownFileType = sourcecode.swift; path = UILabelExtension.swift; sourceTree = "<group>"; };
		C3B5B83D2D180DD400195BBE /* Levent.app */ = {isa = PBXFileReference; explicitFileType = wrapper.application; includeInIndex = 0; path = Levent.app; sourceTree = BUILT_PRODUCTS_DIR; };
		C3B5B8402D180DD400195BBE /* AppDelegate.swift */ = {isa = PBXFileReference; lastKnownFileType = sourcecode.swift; path = AppDelegate.swift; sourceTree = "<group>"; };
		C3B5B8422D180DD400195BBE /* SceneDelegate.swift */ = {isa = PBXFileReference; lastKnownFileType = sourcecode.swift; path = SceneDelegate.swift; sourceTree = "<group>"; };
		C3B5B8442D180DD400195BBE /* WelcomeVC.swift */ = {isa = PBXFileReference; lastKnownFileType = sourcecode.swift; path = WelcomeVC.swift; sourceTree = "<group>"; };
		C3B5B8472D180DD400195BBE /* Base */ = {isa = PBXFileReference; lastKnownFileType = file.storyboard; name = Base; path = Base.lproj/Main.storyboard; sourceTree = "<group>"; };
		C3B5B8492D180DD500195BBE /* Assets.xcassets */ = {isa = PBXFileReference; lastKnownFileType = folder.assetcatalog; path = Assets.xcassets; sourceTree = "<group>"; };
		C3B5B84C2D180DD500195BBE /* Base */ = {isa = PBXFileReference; lastKnownFileType = file.storyboard; name = Base; path = Base.lproj/LaunchScreen.storyboard; sourceTree = "<group>"; };
		C3B5B84E2D180DD500195BBE /* Info.plist */ = {isa = PBXFileReference; lastKnownFileType = text.plist.xml; path = Info.plist; sourceTree = "<group>"; };
		C3B5B8532D180DD500195BBE /* LeventTests.xctest */ = {isa = PBXFileReference; explicitFileType = wrapper.cfbundle; includeInIndex = 0; path = LeventTests.xctest; sourceTree = BUILT_PRODUCTS_DIR; };
		C3B5B8572D180DD500195BBE /* LeventTests.swift */ = {isa = PBXFileReference; lastKnownFileType = sourcecode.swift; path = LeventTests.swift; sourceTree = "<group>"; };
		C3B5B85D2D180DD500195BBE /* LeventUITests.xctest */ = {isa = PBXFileReference; explicitFileType = wrapper.cfbundle; includeInIndex = 0; path = LeventUITests.xctest; sourceTree = BUILT_PRODUCTS_DIR; };
		C3B5B8612D180DD600195BBE /* LeventUITests.swift */ = {isa = PBXFileReference; lastKnownFileType = sourcecode.swift; path = LeventUITests.swift; sourceTree = "<group>"; };
		C3B5B8632D180DD600195BBE /* LeventUITestsLaunchTests.swift */ = {isa = PBXFileReference; lastKnownFileType = sourcecode.swift; path = LeventUITestsLaunchTests.swift; sourceTree = "<group>"; };
		C3B5B8712D180EAC00195BBE /* StoryBoardExtensions.swift */ = {isa = PBXFileReference; lastKnownFileType = sourcecode.swift; path = StoryBoardExtensions.swift; sourceTree = "<group>"; };
		C3B5B8762D18166100195BBE /* CustomRoundedButtoon.swift */ = {isa = PBXFileReference; lastKnownFileType = sourcecode.swift; path = CustomRoundedButtoon.swift; sourceTree = "<group>"; };
		C3B5B8792D18176600195BBE /* SigninVC.swift */ = {isa = PBXFileReference; lastKnownFileType = sourcecode.swift; path = SigninVC.swift; sourceTree = "<group>"; };
		C3B5B87B2D1817D100195BBE /* RegisterVC.swift */ = {isa = PBXFileReference; lastKnownFileType = sourcecode.swift; path = RegisterVC.swift; sourceTree = "<group>"; };
		C3E6F6212D184A2E00799504 /* SelectBirthdayVC.swift */ = {isa = PBXFileReference; lastKnownFileType = sourcecode.swift; path = SelectBirthdayVC.swift; sourceTree = "<group>"; };
		C3E96D162D18C78900DCADC0 /* CustomLoader.swift */ = {isa = PBXFileReference; lastKnownFileType = sourcecode.swift; path = CustomLoader.swift; sourceTree = "<group>"; };
		C3E96D182D18D0FB00DCADC0 /* Admin.storyboard */ = {isa = PBXFileReference; lastKnownFileType = file.storyboard; path = Admin.storyboard; sourceTree = "<group>"; };
		C3EECD4C2D18667600A5E9DC /* EventCell.xib */ = {isa = PBXFileReference; lastKnownFileType = file.xib; path = EventCell.xib; sourceTree = "<group>"; };
		C3EECD4E2D18669100A5E9DC /* EventCell.swift */ = {isa = PBXFileReference; lastKnownFileType = sourcecode.swift; path = EventCell.swift; sourceTree = "<group>"; };
		C3EECD532D18832E00A5E9DC /* UIView.swift */ = {isa = PBXFileReference; lastKnownFileType = sourcecode.swift; path = UIView.swift; sourceTree = "<group>"; };
		C3EECD552D18840400A5E9DC /* MainEventsVC.swift */ = {isa = PBXFileReference; lastKnownFileType = sourcecode.swift; path = MainEventsVC.swift; sourceTree = "<group>"; };
		C3EECD582D18844C00A5E9DC /* EventTableViewCell.xib */ = {isa = PBXFileReference; lastKnownFileType = file.xib; path = EventTableViewCell.xib; sourceTree = "<group>"; };
		C3EECD5A2D18846600A5E9DC /* EventTableViewCell.swift */ = {isa = PBXFileReference; lastKnownFileType = sourcecode.swift; path = EventTableViewCell.swift; sourceTree = "<group>"; };
/* End PBXFileReference section */

/* Begin PBXFrameworksBuildPhase section */
		C3B5B83A2D180DD400195BBE /* Frameworks */ = {
			isa = PBXFrameworksBuildPhase;
			buildActionMask = 2147483647;
			files = (
				C3AAAF032D18EDB600F66B05 /* FirebasePerformance in Frameworks */,
				C3AAAEE52D18EDB600F66B05 /* FirebaseAppDistribution-Beta in Frameworks */,
				C3AAAEF92D18EDB600F66B05 /* FirebaseFunctionsCombine-Community in Frameworks */,
				C3AAAEE92D18EDB600F66B05 /* FirebaseAuthCombine-Community in Frameworks */,
				C358BF352D18E7DA003947B4 /* FSCalendar in Frameworks */,
				C3AAAF072D18EDB600F66B05 /* FirebaseStorage in Frameworks */,
				C3AAAEF52D18EDB600F66B05 /* FirebaseFirestoreCombine-Community in Frameworks */,
				C3AAAEE12D18EDB600F66B05 /* FirebaseAnalyticsWithoutAdIdSupport in Frameworks */,
				C358BF322D18E7A1003947B4 /* IQKeyboardManagerSwift in Frameworks */,
				C3AAAEFF2D18EDB600F66B05 /* FirebaseMLModelDownloader in Frameworks */,
				C3AAAEED2D18EDB600F66B05 /* FirebaseCrashlytics in Frameworks */,
				C3AAAF0B2D18EDB600F66B05 /* FirebaseVertexAI in Frameworks */,
				C3AAAF012D18EDB600F66B05 /* FirebaseMessaging in Frameworks */,
				C3AAAEFD2D18EDB600F66B05 /* FirebaseInstallations in Frameworks */,
				C3AAAEEF2D18EDB600F66B05 /* FirebaseDatabase in Frameworks */,
				C3269C2B2D18EF2500955074 /* SDWebImage in Frameworks */,
				C3AAAEDD2D18EDB600F66B05 /* FirebaseAnalytics in Frameworks */,
				C3AAAEEB2D18EDB600F66B05 /* FirebaseCore in Frameworks */,
				C3AAAEFB2D18EDB600F66B05 /* FirebaseInAppMessaging-Beta in Frameworks */,
				C3AF16F82D20BBAD004BCC5F /* iOSDropDown in Frameworks */,
				C3AAAEE32D18EDB600F66B05 /* FirebaseAppCheck in Frameworks */,
				C3AAAEF72D18EDB600F66B05 /* FirebaseFunctions in Frameworks */,
				C3AAAF052D18EDB600F66B05 /* FirebaseRemoteConfig in Frameworks */,
				C3AAAEDF2D18EDB600F66B05 /* FirebaseAnalyticsOnDeviceConversion in Frameworks */,
				C3AAAEE72D18EDB600F66B05 /* FirebaseAuth in Frameworks */,
				C3AAAF092D18EDB600F66B05 /* FirebaseStorageCombine-Community in Frameworks */,
				C3AAAEF12D18EDB600F66B05 /* FirebaseDynamicLinks in Frameworks */,
				C3AAAEF32D18EDB600F66B05 /* FirebaseFirestore in Frameworks */,
			);
			runOnlyForDeploymentPostprocessing = 0;
		};
		C3B5B8502D180DD500195BBE /* Frameworks */ = {
			isa = PBXFrameworksBuildPhase;
			buildActionMask = 2147483647;
			files = (
			);
			runOnlyForDeploymentPostprocessing = 0;
		};
		C3B5B85A2D180DD500195BBE /* Frameworks */ = {
			isa = PBXFrameworksBuildPhase;
			buildActionMask = 2147483647;
			files = (
			);
			runOnlyForDeploymentPostprocessing = 0;
		};
/* End PBXFrameworksBuildPhase section */

/* Begin PBXGroup section */
		C34293702D20AA6F00FADDED /* LocalStorage */ = {
			isa = PBXGroup;
			children = (
				C34293722D20AAEE00FADDED /* UserSessionManager.swift */,
			);
			path = LocalStorage;
			sourceTree = "<group>";
		};
		C357C2532D2326BC00573C92 /* NotificationsXibTableView */ = {
			isa = PBXGroup;
			children = (
				C357C2542D2326D700573C92 /* NotificationsXibTableView.swift */,
				C357C2562D23272600573C92 /* NotificationsXibTableView.xib */,
			);
			path = NotificationsXibTableView;
			sourceTree = "<group>";
		};
		C359BD672D1832990066259F /* AccountSetup */ = {
			isa = PBXGroup;
			children = (
				C359BD682D1832AC0066259F /* PersonalizeVC.swift */,
				C359BD6A2D1836660066259F /* GenderSelectVC.swift */,
				C3E6F6212D184A2E00799504 /* SelectBirthdayVC.swift */,
				C37377542D185B7100F7A6C9 /* TermsAndConditionsVC.swift */,
				C370772A2D21A9A6000E4CB8 /* SelectIntrestsVC.swift */,
			);
			path = AccountSetup;
			sourceTree = "<group>";
		};
		C35D4B8C2D201F6D00D75A6C /* Firebase */ = {
			isa = PBXGroup;
			children = (
				C35D4B8D2D201F8400D75A6C /* AdminFeatures.swift */,
				C35D4B8F2D201FAC00D75A6C /* OrganizerEventsFeatures.swift */,
				C35D4B912D2031C400D75A6C /* UserFeatures.swift */,
				C3A3D43E2D20ACBE00500EC2 /* AuthFeatures.swift */,
			);
			path = Firebase;
			sourceTree = "<group>";
		};
		C35D4B962D20558700D75A6C /* AdminAllOrganizersXibTableView */ = {
			isa = PBXGroup;
			children = (
				C35D4B972D2055DE00D75A6C /* AdminAllOrganizersXibTableView.xib */,
				C35D4B992D20562400D75A6C /* AdminAllOrganizersXibTableView.swift */,
			);
			path = AdminAllOrganizersXibTableView;
			sourceTree = "<group>";
		};
		C370771F2D215AA8000E4CB8 /* EventReviewsXibTableView */ = {
			isa = PBXGroup;
			children = (
				C37077202D215AC2000E4CB8 /* EventReviewsXibTableView.xib */,
				C37077222D215ACB000E4CB8 /* EventReviewsXibTableView.swift */,
			);
			path = EventReviewsXibTableView;
			sourceTree = "<group>";
		};
		C37377582D185EF700F7A6C9 /* UserScreens */ = {
			isa = PBXGroup;
			children = (
				C382593F2D18B22100C5FB84 /* TicketsVC.swift */,
				C37377592D185F0500F7A6C9 /* HomeVC.swift */,
				C373775B2D18600800F7A6C9 /* ExploreVC.swift */,
				C3EECD552D18840400A5E9DC /* MainEventsVC.swift */,
				C33D8A6F2D189682004E902F /* EventDetailsVC.swift */,
				C33D8A712D189BBA004E902F /* BuyEventTicketsVC.swift */,
				C33D8A772D18AD6F004E902F /* PaymentSuccessVC.swift */,
				C3423CE92D21FCED00066229 /* CardDetailsVC.swift */,
				C3423CEB2D22004A00066229 /* ProcessingPaymentVC.swift */,
				C3423CF12D223ADB00066229 /* RecommendedEventsVC.swift */,
				C357C24E2D22D24E00573C92 /* UserProfileVC.swift */,
				C357C2502D22D4BB00573C92 /* EditProfileVC.swift */,
				C357C2582D23290600573C92 /* NotificationVC.swift */,
			);
			path = UserScreens;
			sourceTree = "<group>";
		};
		C382593A2D18B08A00C5FB84 /* TicketsCell */ = {
			isa = PBXGroup;
			children = (
				C382593B2D18B0A300C5FB84 /* TicketsCell.xib */,
				C382593D2D18B0BD00C5FB84 /* TicketsCell.swift */,
			);
			path = TicketsCell;
			sourceTree = "<group>";
		};
		C38259412D18B45D00C5FB84 /* Tickets */ = {
			isa = PBXGroup;
			children = (
				C38259422D18B47500C5FB84 /* BoughtTicketsDetailsVC.swift */,
				C3423CEF2D221A7100066229 /* AddReviewVC.swift */,
			);
			path = Tickets;
			sourceTree = "<group>";
		};
		C3A3D4402D20BAD600500EC2 /* Organizer */ = {
			isa = PBXGroup;
			children = (
				C3A3D4412D20BAF900500EC2 /* CreateNewEventVC.swift */,
				C3AF16FB2D20C435004BCC5F /* OrganizerHomeVC.swift */,
				C370771D2D2155ED000E4CB8 /* OrganizerEventDetailsVC.swift */,
				C37077242D217B8A000E4CB8 /* EditEventVC.swift */,
				C37077262D217EBC000E4CB8 /* EventEditSuccessVC.swift */,
				C357C25A2D232EBC00573C92 /* OrganizerLogoutVC.swift */,
			);
			path = Organizer;
			sourceTree = "<group>";
		};
		C3B5B8342D180DD400195BBE = {
			isa = PBXGroup;
			children = (
				C3B5B83F2D180DD400195BBE /* Levent */,
				C3B5B8562D180DD500195BBE /* LeventTests */,
				C3B5B8602D180DD600195BBE /* LeventUITests */,
				C3B5B83E2D180DD400195BBE /* Products */,
			);
			sourceTree = "<group>";
		};
		C3B5B83E2D180DD400195BBE /* Products */ = {
			isa = PBXGroup;
			children = (
				C3B5B83D2D180DD400195BBE /* Levent.app */,
				C3B5B8532D180DD500195BBE /* LeventTests.xctest */,
				C3B5B85D2D180DD500195BBE /* LeventUITests.xctest */,
			);
			name = Products;
			sourceTree = "<group>";
		};
		C3B5B83F2D180DD400195BBE /* Levent */ = {
			isa = PBXGroup;
			children = (
				C35D4B8C2D201F6D00D75A6C /* Firebase */,
				C34293702D20AA6F00FADDED /* LocalStorage */,
				C3EECD442D18653E00A5E9DC /* Xibs */,
				C3EECD502D186D0D00A5E9DC /* Models */,
				C3B5B8752D18165200195BBE /* CustomClasses */,
				C3B5B8742D1812E700195BBE /* Controllers */,
				C3B5B8732D1812DC00195BBE /* Views */,
				C3B5B8702D180E9700195BBE /* Extensions */,
				C3B5B8402D180DD400195BBE /* AppDelegate.swift */,
				C3B5B8422D180DD400195BBE /* SceneDelegate.swift */,
				C3B5B8492D180DD500195BBE /* Assets.xcassets */,
				C3B5B84B2D180DD500195BBE /* LaunchScreen.storyboard */,
				C3B5B84E2D180DD500195BBE /* Info.plist */,
				C33D8A732D18A293004E902F /* GoogleService-Info.plist */,
			);
			path = Levent;
			sourceTree = "<group>";
		};
		C3B5B8562D180DD500195BBE /* LeventTests */ = {
			isa = PBXGroup;
			children = (
				C3B5B8572D180DD500195BBE /* LeventTests.swift */,
			);
			path = LeventTests;
			sourceTree = "<group>";
		};
		C3B5B8602D180DD600195BBE /* LeventUITests */ = {
			isa = PBXGroup;
			children = (
				C3B5B8612D180DD600195BBE /* LeventUITests.swift */,
				C3B5B8632D180DD600195BBE /* LeventUITestsLaunchTests.swift */,
			);
			path = LeventUITests;
			sourceTree = "<group>";
		};
		C3B5B8702D180E9700195BBE /* Extensions */ = {
			isa = PBXGroup;
			children = (
				C3AF16FD2D20D2DB004BCC5F /* UILabelExtension.swift */,
				C3AF16F92D20BE40004BCC5F /* TextFieldExtension.swift */,
				C3B5B8712D180EAC00195BBE /* StoryBoardExtensions.swift */,
				C3EECD532D18832E00A5E9DC /* UIView.swift */,
				C35D4B9B2D20682E00D75A6C /* ImageViewExtensions.swift */,
			);
			path = Extensions;
			sourceTree = "<group>";
		};
		C3B5B8732D1812DC00195BBE /* Views */ = {
			isa = PBXGroup;
			children = (
				C3B5B8462D180DD400195BBE /* Main.storyboard */,
				C359BD652D1832800066259F /* AccountSetup.storyboard */,
				C37377562D185CFD00F7A6C9 /* UserScreens.storyboard */,
				C38259382D18B01D00C5FB84 /* Tickets.storyboard */,
				C3E96D182D18D0FB00DCADC0 /* Admin.storyboard */,
				C342936E2D20A9B900FADDED /* Organizer.storyboard */,
			);
			path = Views;
			sourceTree = "<group>";
		};
		C3B5B8742D1812E700195BBE /* Controllers */ = {
			isa = PBXGroup;
			children = (
				C3A3D4402D20BAD600500EC2 /* Organizer */,
				C3E96D1A2D18D11C00DCADC0 /* Admin */,
				C38259412D18B45D00C5FB84 /* Tickets */,
				C37377582D185EF700F7A6C9 /* UserScreens */,
				C359BD672D1832990066259F /* AccountSetup */,
				C3B5B8782D18175200195BBE /* Main */,
			);
			path = Controllers;
			sourceTree = "<group>";
		};
		C3B5B8752D18165200195BBE /* CustomClasses */ = {
			isa = PBXGroup;
			children = (
				C3B5B8762D18166100195BBE /* CustomRoundedButtoon.swift */,
				C359BD5D2D181B870066259F /* CustomTextField.swift */,
				C359BD5F2D1822600066259F /* CustomBackButton.swift */,
				C33D8A752D18AC28004E902F /* CustomTabBarController.swift */,
				C3E96D162D18C78900DCADC0 /* CustomLoader.swift */,
			);
			path = CustomClasses;
			sourceTree = "<group>";
		};
		C3B5B8782D18175200195BBE /* Main */ = {
			isa = PBXGroup;
			children = (
				C3B5B8442D180DD400195BBE /* WelcomeVC.swift */,
				C3B5B8792D18176600195BBE /* SigninVC.swift */,
				C3B5B87B2D1817D100195BBE /* RegisterVC.swift */,
				C359BD632D182A240066259F /* AccoutCreatedVC.swift */,
			);
			path = Main;
			sourceTree = "<group>";
		};
		C3E96D1A2D18D11C00DCADC0 /* Admin */ = {
			isa = PBXGroup;
			children = (
				C35D4B942D20552100D75A6C /* AdminHomeVC.swift */,
				C342936A2D20996D00FADDED /* CreateNewOrganizerVC.swift */,
				C342936C2D20A05D00FADDED /* OrganizerDetailsVC.swift */,
				C37077282D218A69000E4CB8 /* EditOrganizerVC.swift */,
				C357C25C2D232F0600573C92 /* AdminLogoutVC.swift */,
			);
			path = Admin;
			sourceTree = "<group>";
		};
		C3EECD442D18653E00A5E9DC /* Xibs */ = {
			isa = PBXGroup;
			children = (
				C357C2532D2326BC00573C92 /* NotificationsXibTableView */,
				C370771F2D215AA8000E4CB8 /* EventReviewsXibTableView */,
				C35D4B962D20558700D75A6C /* AdminAllOrganizersXibTableView */,
				C382593A2D18B08A00C5FB84 /* TicketsCell */,
				C3EECD572D18842E00A5E9DC /* EventTableViewCell */,
				C3EECD452D18655800A5E9DC /* EventCell */,
			);
			path = Xibs;
			sourceTree = "<group>";
		};
		C3EECD452D18655800A5E9DC /* EventCell */ = {
			isa = PBXGroup;
			children = (
				C3EECD4C2D18667600A5E9DC /* EventCell.xib */,
				C3EECD4E2D18669100A5E9DC /* EventCell.swift */,
			);
			path = EventCell;
			sourceTree = "<group>";
		};
		C3EECD502D186D0D00A5E9DC /* Models */ = {
			isa = PBXGroup;
			children = (
				C35D4B7C2D200AB200D75A6C /* EventModel.swift */,
				C35D4B7E2D200AD200D75A6C /* UserModel.swift */,
				C35D4B802D200B7C00D75A6C /* RegistrationModel.swift */,
				C35D4B822D200B9700D75A6C /* FeedBackModel.swift */,
				C35D4B842D200BA600D75A6C /* OrganizerModel.swift */,
				C35D4B862D200BB300D75A6C /* AdminModel.swift */,
				C35D4B882D200BC500D75A6C /* TicketModel.swift */,
			);
			path = Models;
			sourceTree = "<group>";
		};
		C3EECD572D18842E00A5E9DC /* EventTableViewCell */ = {
			isa = PBXGroup;
			children = (
				C3EECD582D18844C00A5E9DC /* EventTableViewCell.xib */,
				C3EECD5A2D18846600A5E9DC /* EventTableViewCell.swift */,
			);
			path = EventTableViewCell;
			sourceTree = "<group>";
		};
/* End PBXGroup section */

/* Begin PBXNativeTarget section */
		C3B5B83C2D180DD400195BBE /* Levent */ = {
			isa = PBXNativeTarget;
			buildConfigurationList = C3B5B8672D180DD600195BBE /* Build configuration list for PBXNativeTarget "Levent" */;
			buildPhases = (
				C3B5B8392D180DD400195BBE /* Sources */,
				C3B5B83A2D180DD400195BBE /* Frameworks */,
				C3B5B83B2D180DD400195BBE /* Resources */,
			);
			buildRules = (
			);
			dependencies = (
			);
			name = Levent;
			packageProductDependencies = (
				C358BF312D18E7A1003947B4 /* IQKeyboardManagerSwift */,
				C358BF342D18E7DA003947B4 /* FSCalendar */,
				C3AAAEDC2D18EDB600F66B05 /* FirebaseAnalytics */,
				C3AAAEDE2D18EDB600F66B05 /* FirebaseAnalyticsOnDeviceConversion */,
				C3AAAEE02D18EDB600F66B05 /* FirebaseAnalyticsWithoutAdIdSupport */,
				C3AAAEE22D18EDB600F66B05 /* FirebaseAppCheck */,
				C3AAAEE42D18EDB600F66B05 /* FirebaseAppDistribution-Beta */,
				C3AAAEE62D18EDB600F66B05 /* FirebaseAuth */,
				C3AAAEE82D18EDB600F66B05 /* FirebaseAuthCombine-Community */,
				C3AAAEEA2D18EDB600F66B05 /* FirebaseCore */,
				C3AAAEEC2D18EDB600F66B05 /* FirebaseCrashlytics */,
				C3AAAEEE2D18EDB600F66B05 /* FirebaseDatabase */,
				C3AAAEF02D18EDB600F66B05 /* FirebaseDynamicLinks */,
				C3AAAEF22D18EDB600F66B05 /* FirebaseFirestore */,
				C3AAAEF42D18EDB600F66B05 /* FirebaseFirestoreCombine-Community */,
				C3AAAEF62D18EDB600F66B05 /* FirebaseFunctions */,
				C3AAAEF82D18EDB600F66B05 /* FirebaseFunctionsCombine-Community */,
				C3AAAEFA2D18EDB600F66B05 /* FirebaseInAppMessaging-Beta */,
				C3AAAEFC2D18EDB600F66B05 /* FirebaseInstallations */,
				C3AAAEFE2D18EDB600F66B05 /* FirebaseMLModelDownloader */,
				C3AAAF002D18EDB600F66B05 /* FirebaseMessaging */,
				C3AAAF022D18EDB600F66B05 /* FirebasePerformance */,
				C3AAAF042D18EDB600F66B05 /* FirebaseRemoteConfig */,
				C3AAAF062D18EDB600F66B05 /* FirebaseStorage */,
				C3AAAF082D18EDB600F66B05 /* FirebaseStorageCombine-Community */,
				C3AAAF0A2D18EDB600F66B05 /* FirebaseVertexAI */,
				C3269C2A2D18EF2500955074 /* SDWebImage */,
				C3AF16F72D20BBAD004BCC5F /* iOSDropDown */,
			);
			productName = Levent;
			productReference = C3B5B83D2D180DD400195BBE /* Levent.app */;
			productType = "com.apple.product-type.application";
		};
		C3B5B8522D180DD500195BBE /* LeventTests */ = {
			isa = PBXNativeTarget;
			buildConfigurationList = C3B5B86A2D180DD600195BBE /* Build configuration list for PBXNativeTarget "LeventTests" */;
			buildPhases = (
				C3B5B84F2D180DD500195BBE /* Sources */,
				C3B5B8502D180DD500195BBE /* Frameworks */,
				C3B5B8512D180DD500195BBE /* Resources */,
			);
			buildRules = (
			);
			dependencies = (
				C3B5B8552D180DD500195BBE /* PBXTargetDependency */,
			);
			name = LeventTests;
			productName = LeventTests;
			productReference = C3B5B8532D180DD500195BBE /* LeventTests.xctest */;
			productType = "com.apple.product-type.bundle.unit-test";
		};
		C3B5B85C2D180DD500195BBE /* LeventUITests */ = {
			isa = PBXNativeTarget;
			buildConfigurationList = C3B5B86D2D180DD600195BBE /* Build configuration list for PBXNativeTarget "LeventUITests" */;
			buildPhases = (
				C3B5B8592D180DD500195BBE /* Sources */,
				C3B5B85A2D180DD500195BBE /* Frameworks */,
				C3B5B85B2D180DD500195BBE /* Resources */,
			);
			buildRules = (
			);
			dependencies = (
				C3B5B85F2D180DD600195BBE /* PBXTargetDependency */,
			);
			name = LeventUITests;
			productName = LeventUITests;
			productReference = C3B5B85D2D180DD500195BBE /* LeventUITests.xctest */;
			productType = "com.apple.product-type.bundle.ui-testing";
		};
/* End PBXNativeTarget section */

/* Begin PBXProject section */
		C3B5B8352D180DD400195BBE /* Project object */ = {
			isa = PBXProject;
			attributes = {
				BuildIndependentTargetsInParallel = 1;
				LastSwiftUpdateCheck = 1520;
				LastUpgradeCheck = 1520;
				TargetAttributes = {
					C3B5B83C2D180DD400195BBE = {
						CreatedOnToolsVersion = 15.2;
					};
					C3B5B8522D180DD500195BBE = {
						CreatedOnToolsVersion = 15.2;
						TestTargetID = C3B5B83C2D180DD400195BBE;
					};
					C3B5B85C2D180DD500195BBE = {
						CreatedOnToolsVersion = 15.2;
						TestTargetID = C3B5B83C2D180DD400195BBE;
					};
				};
			};
			buildConfigurationList = C3B5B8382D180DD400195BBE /* Build configuration list for PBXProject "Levent" */;
			compatibilityVersion = "Xcode 14.0";
			developmentRegion = en;
			hasScannedForEncodings = 0;
			knownRegions = (
				en,
				Base,
			);
			mainGroup = C3B5B8342D180DD400195BBE;
			packageReferences = (
				C358BF302D18E7A1003947B4 /* XCRemoteSwiftPackageReference "IQKeyboardManager" */,
				C358BF332D18E7DA003947B4 /* XCRemoteSwiftPackageReference "FSCalendar" */,
				C358BF362D18E816003947B4 /* XCRemoteSwiftPackageReference "SDWebImage" */,
				C358BF372D18E903003947B4 /* XCRemoteSwiftPackageReference "firebase-ios-sdk" */,
				C3AF16F62D20BBAD004BCC5F /* XCRemoteSwiftPackageReference "iOSDropDown" */,
			);
			productRefGroup = C3B5B83E2D180DD400195BBE /* Products */;
			projectDirPath = "";
			projectRoot = "";
			targets = (
				C3B5B83C2D180DD400195BBE /* Levent */,
				C3B5B8522D180DD500195BBE /* LeventTests */,
				C3B5B85C2D180DD500195BBE /* LeventUITests */,
			);
		};
/* End PBXProject section */

/* Begin PBXResourcesBuildPhase section */
		C3B5B83B2D180DD400195BBE /* Resources */ = {
			isa = PBXResourcesBuildPhase;
			buildActionMask = 2147483647;
			files = (
				C37077212D215AC2000E4CB8 /* EventReviewsXibTableView.xib in Resources */,
				C359BD662D1832800066259F /* AccountSetup.storyboard in Resources */,
				C33D8A742D18A293004E902F /* GoogleService-Info.plist in Resources */,
				C37377572D185CFD00F7A6C9 /* UserScreens.storyboard in Resources */,
				C382593C2D18B0A300C5FB84 /* TicketsCell.xib in Resources */,
				C38259392D18B01D00C5FB84 /* Tickets.storyboard in Resources */,
				C3B5B84D2D180DD500195BBE /* LaunchScreen.storyboard in Resources */,
				C3B5B84A2D180DD500195BBE /* Assets.xcassets in Resources */,
				C3EECD4D2D18667600A5E9DC /* EventCell.xib in Resources */,
				C3E96D192D18D0FB00DCADC0 /* Admin.storyboard in Resources */,
				C357C2572D23272600573C92 /* NotificationsXibTableView.xib in Resources */,
				C3B5B8482D180DD400195BBE /* Main.storyboard in Resources */,
				C3EECD592D18844C00A5E9DC /* EventTableViewCell.xib in Resources */,
				C35D4B982D2055DE00D75A6C /* AdminAllOrganizersXibTableView.xib in Resources */,
				C342936F2D20A9B900FADDED /* Organizer.storyboard in Resources */,
			);
			runOnlyForDeploymentPostprocessing = 0;
		};
		C3B5B8512D180DD500195BBE /* Resources */ = {
			isa = PBXResourcesBuildPhase;
			buildActionMask = 2147483647;
			files = (
			);
			runOnlyForDeploymentPostprocessing = 0;
		};
		C3B5B85B2D180DD500195BBE /* Resources */ = {
			isa = PBXResourcesBuildPhase;
			buildActionMask = 2147483647;
			files = (
			);
			runOnlyForDeploymentPostprocessing = 0;
		};
/* End PBXResourcesBuildPhase section */

/* Begin PBXSourcesBuildPhase section */
		C3B5B8392D180DD400195BBE /* Sources */ = {
			isa = PBXSourcesBuildPhase;
			buildActionMask = 2147483647;
			files = (
				C37077292D218A69000E4CB8 /* EditOrganizerVC.swift in Sources */,
				C3EECD562D18840400A5E9DC /* MainEventsVC.swift in Sources */,
				C37377552D185B7100F7A6C9 /* TermsAndConditionsVC.swift in Sources */,
				C357C24F2D22D24E00573C92 /* UserProfileVC.swift in Sources */,
				C34293732D20AAF800FADDED /* UserSessionManager.swift in Sources */,
				C35D4B812D200B7C00D75A6C /* RegistrationModel.swift in Sources */,
				C37077252D217B8A000E4CB8 /* EditEventVC.swift in Sources */,
				C33D8A762D18AC28004E902F /* CustomTabBarController.swift in Sources */,
				C342936B2D20996D00FADDED /* CreateNewOrganizerVC.swift in Sources */,
				C3B5B8452D180DD400195BBE /* WelcomeVC.swift in Sources */,
				C373775C2D18600800F7A6C9 /* ExploreVC.swift in Sources */,
				C35D4B952D20552100D75A6C /* AdminHomeVC.swift in Sources */,
				C3A3D4422D20BAF900500EC2 /* CreateNewEventVC.swift in Sources */,
				C359BD6B2D1836660066259F /* GenderSelectVC.swift in Sources */,
				C3B5B8412D180DD400195BBE /* AppDelegate.swift in Sources */,
				C3A3D43F2D20ACBE00500EC2 /* AuthFeatures.swift in Sources */,
				C3EECD4F2D18669200A5E9DC /* EventCell.swift in Sources */,
				C382593E2D18B0BD00C5FB84 /* TicketsCell.swift in Sources */,
				C3423CEA2D21FCED00066229 /* CardDetailsVC.swift in Sources */,
				C33D8A782D18AD6F004E902F /* PaymentSuccessVC.swift in Sources */,
				C359BD642D182A240066259F /* AccoutCreatedVC.swift in Sources */,
				C3AF16FE2D20D2E1004BCC5F /* UILabelExtension.swift in Sources */,
				C37077232D215ACB000E4CB8 /* EventReviewsXibTableView.swift in Sources */,
				C3AF16FC2D20C435004BCC5F /* OrganizerHomeVC.swift in Sources */,
				C359BD692D1832AC0066259F /* PersonalizeVC.swift in Sources */,
				C3E96D172D18C78900DCADC0 /* CustomLoader.swift in Sources */,
				C373775A2D185F0500F7A6C9 /* HomeVC.swift in Sources */,
				C33D8A722D189BBB004E902F /* BuyEventTicketsVC.swift in Sources */,
				C3B5B8722D180EAC00195BBE /* StoryBoardExtensions.swift in Sources */,
				C3AF16FA2D20BE49004BCC5F /* TextFieldExtension.swift in Sources */,
				C3B5B8772D18166100195BBE /* CustomRoundedButtoon.swift in Sources */,
				C359BD5E2D181B870066259F /* CustomTextField.swift in Sources */,
				C35D4B872D200BB300D75A6C /* AdminModel.swift in Sources */,
				C3EECD542D18832E00A5E9DC /* UIView.swift in Sources */,
				C35D4B832D200B9700D75A6C /* FeedBackModel.swift in Sources */,
				C3423CEC2D22004A00066229 /* ProcessingPaymentVC.swift in Sources */,
				C38259402D18B22100C5FB84 /* TicketsVC.swift in Sources */,
				C3B5B87C2D1817D100195BBE /* RegisterVC.swift in Sources */,
				C37077272D217EBC000E4CB8 /* EventEditSuccessVC.swift in Sources */,
				C35D4B852D200BA600D75A6C /* OrganizerModel.swift in Sources */,
				C3E6F6222D184A2E00799504 /* SelectBirthdayVC.swift in Sources */,
				C38259432D18B47500C5FB84 /* BoughtTicketsDetailsVC.swift in Sources */,
				C359BD602D1822600066259F /* CustomBackButton.swift in Sources */,
				C342936D2D20A05D00FADDED /* OrganizerDetailsVC.swift in Sources */,
				C35D4B7F2D200AD200D75A6C /* UserModel.swift in Sources */,
				C35D4B8E2D201F8400D75A6C /* AdminFeatures.swift in Sources */,
				C357C2552D2326E200573C92 /* NotificationsXibTableView.swift in Sources */,
				C357C2592D23290600573C92 /* NotificationVC.swift in Sources */,
				C357C25D2D232F0600573C92 /* AdminLogoutVC.swift in Sources */,
				C35D4B9C2D20682E00D75A6C /* ImageViewExtensions.swift in Sources */,
				C35D4B922D2031C400D75A6C /* UserFeatures.swift in Sources */,
				C35D4B902D201FAC00D75A6C /* OrganizerEventsFeatures.swift in Sources */,
				C33D8A702D189682004E902F /* EventDetailsVC.swift in Sources */,
				C3423CF22D223ADB00066229 /* RecommendedEventsVC.swift in Sources */,
				C35D4B9A2D20562400D75A6C /* AdminAllOrganizersXibTableView.swift in Sources */,
				C357C25B2D232EBC00573C92 /* OrganizerLogoutVC.swift in Sources */,
				C3423CF02D221A7100066229 /* AddReviewVC.swift in Sources */,
				C370771E2D2155ED000E4CB8 /* OrganizerEventDetailsVC.swift in Sources */,
				C357C2512D22D4BB00573C92 /* EditProfileVC.swift in Sources */,
				C35D4B892D200BC500D75A6C /* TicketModel.swift in Sources */,
				C3EECD5B2D18846600A5E9DC /* EventTableViewCell.swift in Sources */,
				C35D4B7D2D200AB200D75A6C /* EventModel.swift in Sources */,
				C3B5B87A2D18176600195BBE /* SigninVC.swift in Sources */,
				C370772B2D21A9A6000E4CB8 /* SelectIntrestsVC.swift in Sources */,
				C3B5B8432D180DD400195BBE /* SceneDelegate.swift in Sources */,
			);
			runOnlyForDeploymentPostprocessing = 0;
		};
		C3B5B84F2D180DD500195BBE /* Sources */ = {
			isa = PBXSourcesBuildPhase;
			buildActionMask = 2147483647;
			files = (
				C3B5B8582D180DD500195BBE /* LeventTests.swift in Sources */,
			);
			runOnlyForDeploymentPostprocessing = 0;
		};
		C3B5B8592D180DD500195BBE /* Sources */ = {
			isa = PBXSourcesBuildPhase;
			buildActionMask = 2147483647;
			files = (
				C3B5B8642D180DD600195BBE /* LeventUITestsLaunchTests.swift in Sources */,
				C3B5B8622D180DD600195BBE /* LeventUITests.swift in Sources */,
			);
			runOnlyForDeploymentPostprocessing = 0;
		};
/* End PBXSourcesBuildPhase section */

/* Begin PBXTargetDependency section */
		C3B5B8552D180DD500195BBE /* PBXTargetDependency */ = {
			isa = PBXTargetDependency;
			target = C3B5B83C2D180DD400195BBE /* Levent */;
			targetProxy = C3B5B8542D180DD500195BBE /* PBXContainerItemProxy */;
		};
		C3B5B85F2D180DD600195BBE /* PBXTargetDependency */ = {
			isa = PBXTargetDependency;
			target = C3B5B83C2D180DD400195BBE /* Levent */;
			targetProxy = C3B5B85E2D180DD600195BBE /* PBXContainerItemProxy */;
		};
/* End PBXTargetDependency section */

/* Begin PBXVariantGroup section */
		C3B5B8462D180DD400195BBE /* Main.storyboard */ = {
			isa = PBXVariantGroup;
			children = (
				C3B5B8472D180DD400195BBE /* Base */,
			);
			name = Main.storyboard;
			sourceTree = "<group>";
		};
		C3B5B84B2D180DD500195BBE /* LaunchScreen.storyboard */ = {
			isa = PBXVariantGroup;
			children = (
				C3B5B84C2D180DD500195BBE /* Base */,
			);
			name = LaunchScreen.storyboard;
			sourceTree = "<group>";
		};
/* End PBXVariantGroup section */

/* Begin XCBuildConfiguration section */
		C3B5B8652D180DD600195BBE /* Debug */ = {
			isa = XCBuildConfiguration;
			buildSettings = {
				ALWAYS_SEARCH_USER_PATHS = NO;
				ASSETCATALOG_COMPILER_GENERATE_SWIFT_ASSET_SYMBOL_EXTENSIONS = YES;
				CLANG_ANALYZER_NONNULL = YES;
				CLANG_ANALYZER_NUMBER_OBJECT_CONVERSION = YES_AGGRESSIVE;
				CLANG_CXX_LANGUAGE_STANDARD = "gnu++20";
				CLANG_ENABLE_MODULES = YES;
				CLANG_ENABLE_OBJC_ARC = YES;
				CLANG_ENABLE_OBJC_WEAK = YES;
				CLANG_WARN_BLOCK_CAPTURE_AUTORELEASING = YES;
				CLANG_WARN_BOOL_CONVERSION = YES;
				CLANG_WARN_COMMA = YES;
				CLANG_WARN_CONSTANT_CONVERSION = YES;
				CLANG_WARN_DEPRECATED_OBJC_IMPLEMENTATIONS = YES;
				CLANG_WARN_DIRECT_OBJC_ISA_USAGE = YES_ERROR;
				CLANG_WARN_DOCUMENTATION_COMMENTS = YES;
				CLANG_WARN_EMPTY_BODY = YES;
				CLANG_WARN_ENUM_CONVERSION = YES;
				CLANG_WARN_INFINITE_RECURSION = YES;
				CLANG_WARN_INT_CONVERSION = YES;
				CLANG_WARN_NON_LITERAL_NULL_CONVERSION = YES;
				CLANG_WARN_OBJC_IMPLICIT_RETAIN_SELF = YES;
				CLANG_WARN_OBJC_LITERAL_CONVERSION = YES;
				CLANG_WARN_OBJC_ROOT_CLASS = YES_ERROR;
				CLANG_WARN_QUOTED_INCLUDE_IN_FRAMEWORK_HEADER = YES;
				CLANG_WARN_RANGE_LOOP_ANALYSIS = YES;
				CLANG_WARN_STRICT_PROTOTYPES = YES;
				CLANG_WARN_SUSPICIOUS_MOVE = YES;
				CLANG_WARN_UNGUARDED_AVAILABILITY = YES_AGGRESSIVE;
				CLANG_WARN_UNREACHABLE_CODE = YES;
				CLANG_WARN__DUPLICATE_METHOD_MATCH = YES;
				COPY_PHASE_STRIP = NO;
				DEBUG_INFORMATION_FORMAT = dwarf;
				ENABLE_STRICT_OBJC_MSGSEND = YES;
				ENABLE_TESTABILITY = YES;
				ENABLE_USER_SCRIPT_SANDBOXING = NO;
				GCC_C_LANGUAGE_STANDARD = gnu17;
				GCC_DYNAMIC_NO_PIC = NO;
				GCC_NO_COMMON_BLOCKS = YES;
				GCC_OPTIMIZATION_LEVEL = 0;
				GCC_PREPROCESSOR_DEFINITIONS = (
					"DEBUG=1",
					"$(inherited)",
				);
				GCC_WARN_64_TO_32_BIT_CONVERSION = YES;
				GCC_WARN_ABOUT_RETURN_TYPE = YES_ERROR;
				GCC_WARN_UNDECLARED_SELECTOR = YES;
				GCC_WARN_UNINITIALIZED_AUTOS = YES_AGGRESSIVE;
				GCC_WARN_UNUSED_FUNCTION = YES;
				GCC_WARN_UNUSED_VARIABLE = YES;
				IPHONEOS_DEPLOYMENT_TARGET = 17.2;
				LOCALIZATION_PREFERS_STRING_CATALOGS = YES;
				MTL_ENABLE_DEBUG_INFO = INCLUDE_SOURCE;
				MTL_FAST_MATH = YES;
				ONLY_ACTIVE_ARCH = YES;
				SDKROOT = iphoneos;
				SWIFT_ACTIVE_COMPILATION_CONDITIONS = "DEBUG $(inherited)";
				SWIFT_OPTIMIZATION_LEVEL = "-Onone";
			};
			name = Debug;
		};
		C3B5B8662D180DD600195BBE /* Release */ = {
			isa = XCBuildConfiguration;
			buildSettings = {
				ALWAYS_SEARCH_USER_PATHS = NO;
				ASSETCATALOG_COMPILER_GENERATE_SWIFT_ASSET_SYMBOL_EXTENSIONS = YES;
				CLANG_ANALYZER_NONNULL = YES;
				CLANG_ANALYZER_NUMBER_OBJECT_CONVERSION = YES_AGGRESSIVE;
				CLANG_CXX_LANGUAGE_STANDARD = "gnu++20";
				CLANG_ENABLE_MODULES = YES;
				CLANG_ENABLE_OBJC_ARC = YES;
				CLANG_ENABLE_OBJC_WEAK = YES;
				CLANG_WARN_BLOCK_CAPTURE_AUTORELEASING = YES;
				CLANG_WARN_BOOL_CONVERSION = YES;
				CLANG_WARN_COMMA = YES;
				CLANG_WARN_CONSTANT_CONVERSION = YES;
				CLANG_WARN_DEPRECATED_OBJC_IMPLEMENTATIONS = YES;
				CLANG_WARN_DIRECT_OBJC_ISA_USAGE = YES_ERROR;
				CLANG_WARN_DOCUMENTATION_COMMENTS = YES;
				CLANG_WARN_EMPTY_BODY = YES;
				CLANG_WARN_ENUM_CONVERSION = YES;
				CLANG_WARN_INFINITE_RECURSION = YES;
				CLANG_WARN_INT_CONVERSION = YES;
				CLANG_WARN_NON_LITERAL_NULL_CONVERSION = YES;
				CLANG_WARN_OBJC_IMPLICIT_RETAIN_SELF = YES;
				CLANG_WARN_OBJC_LITERAL_CONVERSION = YES;
				CLANG_WARN_OBJC_ROOT_CLASS = YES_ERROR;
				CLANG_WARN_QUOTED_INCLUDE_IN_FRAMEWORK_HEADER = YES;
				CLANG_WARN_RANGE_LOOP_ANALYSIS = YES;
				CLANG_WARN_STRICT_PROTOTYPES = YES;
				CLANG_WARN_SUSPICIOUS_MOVE = YES;
				CLANG_WARN_UNGUARDED_AVAILABILITY = YES_AGGRESSIVE;
				CLANG_WARN_UNREACHABLE_CODE = YES;
				CLANG_WARN__DUPLICATE_METHOD_MATCH = YES;
				COPY_PHASE_STRIP = NO;
				DEBUG_INFORMATION_FORMAT = "dwarf-with-dsym";
				ENABLE_NS_ASSERTIONS = NO;
				ENABLE_STRICT_OBJC_MSGSEND = YES;
				ENABLE_USER_SCRIPT_SANDBOXING = NO;
				GCC_C_LANGUAGE_STANDARD = gnu17;
				GCC_NO_COMMON_BLOCKS = YES;
				GCC_WARN_64_TO_32_BIT_CONVERSION = YES;
				GCC_WARN_ABOUT_RETURN_TYPE = YES_ERROR;
				GCC_WARN_UNDECLARED_SELECTOR = YES;
				GCC_WARN_UNINITIALIZED_AUTOS = YES_AGGRESSIVE;
				GCC_WARN_UNUSED_FUNCTION = YES;
				GCC_WARN_UNUSED_VARIABLE = YES;
				IPHONEOS_DEPLOYMENT_TARGET = 17.2;
				LOCALIZATION_PREFERS_STRING_CATALOGS = YES;
				MTL_ENABLE_DEBUG_INFO = NO;
				MTL_FAST_MATH = YES;
				SDKROOT = iphoneos;
				SWIFT_COMPILATION_MODE = wholemodule;
				VALIDATE_PRODUCT = YES;
			};
			name = Release;
		};
		C3B5B8682D180DD600195BBE /* Debug */ = {
			isa = XCBuildConfiguration;
			buildSettings = {
				ASSETCATALOG_COMPILER_APPICON_NAME = AppIcon;
				ASSETCATALOG_COMPILER_GLOBAL_ACCENT_COLOR_NAME = AccentColor;
				CODE_SIGN_STYLE = Automatic;
				CURRENT_PROJECT_VERSION = 1;
				DEVELOPMENT_TEAM = 8BVR4XRS2A;
				GENERATE_INFOPLIST_FILE = YES;
				INFOPLIST_FILE = Levent/Info.plist;
				INFOPLIST_KEY_UIApplicationSupportsIndirectInputEvents = YES;
				INFOPLIST_KEY_UILaunchStoryboardName = LaunchScreen;
				INFOPLIST_KEY_UIMainStoryboardFile = Main;
				INFOPLIST_KEY_UISupportedInterfaceOrientations_iPad = "UIInterfaceOrientationPortrait UIInterfaceOrientationPortraitUpsideDown UIInterfaceOrientationLandscapeLeft UIInterfaceOrientationLandscapeRight";
				INFOPLIST_KEY_UISupportedInterfaceOrientations_iPhone = "UIInterfaceOrientationPortrait UIInterfaceOrientationLandscapeLeft UIInterfaceOrientationLandscapeRight";
				IPHONEOS_DEPLOYMENT_TARGET = 16.0;
				LD_RUNPATH_SEARCH_PATHS = (
					"$(inherited)",
					"@executable_path/Frameworks",
				);
				MARKETING_VERSION = 1.0;
				PRODUCT_BUNDLE_IDENTIFIER = com.simpleProject.Levent;
				PRODUCT_NAME = "$(TARGET_NAME)";
				SUPPORTED_PLATFORMS = "iphoneos iphonesimulator";
				SUPPORTS_MACCATALYST = NO;
				SUPPORTS_MAC_DESIGNED_FOR_IPHONE_IPAD = NO;
				SUPPORTS_XR_DESIGNED_FOR_IPHONE_IPAD = NO;
				SWIFT_EMIT_LOC_STRINGS = YES;
				SWIFT_VERSION = 5.0;
				TARGETED_DEVICE_FAMILY = 1;
			};
			name = Debug;
		};
		C3B5B8692D180DD600195BBE /* Release */ = {
			isa = XCBuildConfiguration;
			buildSettings = {
				ASSETCATALOG_COMPILER_APPICON_NAME = AppIcon;
				ASSETCATALOG_COMPILER_GLOBAL_ACCENT_COLOR_NAME = AccentColor;
				CODE_SIGN_STYLE = Automatic;
				CURRENT_PROJECT_VERSION = 1;
				DEVELOPMENT_TEAM = 8BVR4XRS2A;
				GENERATE_INFOPLIST_FILE = YES;
				INFOPLIST_FILE = Levent/Info.plist;
				INFOPLIST_KEY_UIApplicationSupportsIndirectInputEvents = YES;
				INFOPLIST_KEY_UILaunchStoryboardName = LaunchScreen;
				INFOPLIST_KEY_UIMainStoryboardFile = Main;
				INFOPLIST_KEY_UISupportedInterfaceOrientations_iPad = "UIInterfaceOrientationPortrait UIInterfaceOrientationPortraitUpsideDown UIInterfaceOrientationLandscapeLeft UIInterfaceOrientationLandscapeRight";
				INFOPLIST_KEY_UISupportedInterfaceOrientations_iPhone = "UIInterfaceOrientationPortrait UIInterfaceOrientationLandscapeLeft UIInterfaceOrientationLandscapeRight";
				IPHONEOS_DEPLOYMENT_TARGET = 16.0;
				LD_RUNPATH_SEARCH_PATHS = (
					"$(inherited)",
					"@executable_path/Frameworks",
				);
				MARKETING_VERSION = 1.0;
				PRODUCT_BUNDLE_IDENTIFIER = com.simpleProject.Levent;
				PRODUCT_NAME = "$(TARGET_NAME)";
				SUPPORTED_PLATFORMS = "iphoneos iphonesimulator";
				SUPPORTS_MACCATALYST = NO;
				SUPPORTS_MAC_DESIGNED_FOR_IPHONE_IPAD = NO;
				SUPPORTS_XR_DESIGNED_FOR_IPHONE_IPAD = NO;
				SWIFT_EMIT_LOC_STRINGS = YES;
				SWIFT_VERSION = 5.0;
				TARGETED_DEVICE_FAMILY = 1;
			};
			name = Release;
		};
		C3B5B86B2D180DD600195BBE /* Debug */ = {
			isa = XCBuildConfiguration;
			buildSettings = {
				ALWAYS_EMBED_SWIFT_STANDARD_LIBRARIES = YES;
				BUNDLE_LOADER = "$(TEST_HOST)";
				CODE_SIGN_STYLE = Automatic;
				CURRENT_PROJECT_VERSION = 1;
				DEVELOPMENT_TEAM = 8BVR4XRS2A;
				GENERATE_INFOPLIST_FILE = YES;
				IPHONEOS_DEPLOYMENT_TARGET = 17.2;
				MARKETING_VERSION = 1.0;
				PRODUCT_BUNDLE_IDENTIFIER = com.simpleProject.LeventTests;
				PRODUCT_NAME = "$(TARGET_NAME)";
				SWIFT_EMIT_LOC_STRINGS = NO;
				SWIFT_VERSION = 5.0;
				TARGETED_DEVICE_FAMILY = "1,2";
				TEST_HOST = "$(BUILT_PRODUCTS_DIR)/Levent.app/$(BUNDLE_EXECUTABLE_FOLDER_PATH)/Levent";
			};
			name = Debug;
		};
		C3B5B86C2D180DD600195BBE /* Release */ = {
			isa = XCBuildConfiguration;
			buildSettings = {
				ALWAYS_EMBED_SWIFT_STANDARD_LIBRARIES = YES;
				BUNDLE_LOADER = "$(TEST_HOST)";
				CODE_SIGN_STYLE = Automatic;
				CURRENT_PROJECT_VERSION = 1;
				DEVELOPMENT_TEAM = 8BVR4XRS2A;
				GENERATE_INFOPLIST_FILE = YES;
				IPHONEOS_DEPLOYMENT_TARGET = 17.2;
				MARKETING_VERSION = 1.0;
				PRODUCT_BUNDLE_IDENTIFIER = com.simpleProject.LeventTests;
				PRODUCT_NAME = "$(TARGET_NAME)";
				SWIFT_EMIT_LOC_STRINGS = NO;
				SWIFT_VERSION = 5.0;
				TARGETED_DEVICE_FAMILY = "1,2";
				TEST_HOST = "$(BUILT_PRODUCTS_DIR)/Levent.app/$(BUNDLE_EXECUTABLE_FOLDER_PATH)/Levent";
			};
			name = Release;
		};
		C3B5B86E2D180DD600195BBE /* Debug */ = {
			isa = XCBuildConfiguration;
			buildSettings = {
				ALWAYS_EMBED_SWIFT_STANDARD_LIBRARIES = YES;
				CODE_SIGN_STYLE = Automatic;
				CURRENT_PROJECT_VERSION = 1;
				DEVELOPMENT_TEAM = 8BVR4XRS2A;
				GENERATE_INFOPLIST_FILE = YES;
				MARKETING_VERSION = 1.0;
				PRODUCT_BUNDLE_IDENTIFIER = com.simpleProject.LeventUITests;
				PRODUCT_NAME = "$(TARGET_NAME)";
				SWIFT_EMIT_LOC_STRINGS = NO;
				SWIFT_VERSION = 5.0;
				TARGETED_DEVICE_FAMILY = "1,2";
				TEST_TARGET_NAME = Levent;
			};
			name = Debug;
		};
		C3B5B86F2D180DD600195BBE /* Release */ = {
			isa = XCBuildConfiguration;
			buildSettings = {
				ALWAYS_EMBED_SWIFT_STANDARD_LIBRARIES = YES;
				CODE_SIGN_STYLE = Automatic;
				CURRENT_PROJECT_VERSION = 1;
				DEVELOPMENT_TEAM = 8BVR4XRS2A;
				GENERATE_INFOPLIST_FILE = YES;
				MARKETING_VERSION = 1.0;
				PRODUCT_BUNDLE_IDENTIFIER = com.simpleProject.LeventUITests;
				PRODUCT_NAME = "$(TARGET_NAME)";
				SWIFT_EMIT_LOC_STRINGS = NO;
				SWIFT_VERSION = 5.0;
				TARGETED_DEVICE_FAMILY = "1,2";
				TEST_TARGET_NAME = Levent;
			};
			name = Release;
		};
/* End XCBuildConfiguration section */

/* Begin XCConfigurationList section */
		C3B5B8382D180DD400195BBE /* Build configuration list for PBXProject "Levent" */ = {
			isa = XCConfigurationList;
			buildConfigurations = (
				C3B5B8652D180DD600195BBE /* Debug */,
				C3B5B8662D180DD600195BBE /* Release */,
			);
			defaultConfigurationIsVisible = 0;
			defaultConfigurationName = Release;
		};
		C3B5B8672D180DD600195BBE /* Build configuration list for PBXNativeTarget "Levent" */ = {
			isa = XCConfigurationList;
			buildConfigurations = (
				C3B5B8682D180DD600195BBE /* Debug */,
				C3B5B8692D180DD600195BBE /* Release */,
			);
			defaultConfigurationIsVisible = 0;
			defaultConfigurationName = Release;
		};
		C3B5B86A2D180DD600195BBE /* Build configuration list for PBXNativeTarget "LeventTests" */ = {
			isa = XCConfigurationList;
			buildConfigurations = (
				C3B5B86B2D180DD600195BBE /* Debug */,
				C3B5B86C2D180DD600195BBE /* Release */,
			);
			defaultConfigurationIsVisible = 0;
			defaultConfigurationName = Release;
		};
		C3B5B86D2D180DD600195BBE /* Build configuration list for PBXNativeTarget "LeventUITests" */ = {
			isa = XCConfigurationList;
			buildConfigurations = (
				C3B5B86E2D180DD600195BBE /* Debug */,
				C3B5B86F2D180DD600195BBE /* Release */,
			);
			defaultConfigurationIsVisible = 0;
			defaultConfigurationName = Release;
		};
/* End XCConfigurationList section */

/* Begin XCRemoteSwiftPackageReference section */
		C358BF302D18E7A1003947B4 /* XCRemoteSwiftPackageReference "IQKeyboardManager" */ = {
			isa = XCRemoteSwiftPackageReference;
			repositoryURL = "https://github.com/hackiftekhar/IQKeyboardManager.git";
			requirement = {
				kind = upToNextMajorVersion;
				minimumVersion = 8.0.0;
			};
		};
		C358BF332D18E7DA003947B4 /* XCRemoteSwiftPackageReference "FSCalendar" */ = {
			isa = XCRemoteSwiftPackageReference;
			repositoryURL = "https://github.com/WenchaoD/FSCalendar.git";
			requirement = {
				kind = upToNextMajorVersion;
				minimumVersion = 2.8.4;
			};
		};
		C358BF362D18E816003947B4 /* XCRemoteSwiftPackageReference "SDWebImage" */ = {
			isa = XCRemoteSwiftPackageReference;
			repositoryURL = "https://github.com/SDWebImage/SDWebImage.git";
			requirement = {
				kind = upToNextMajorVersion;
				minimumVersion = 5.20.0;
			};
		};
		C358BF372D18E903003947B4 /* XCRemoteSwiftPackageReference "firebase-ios-sdk" */ = {
			isa = XCRemoteSwiftPackageReference;
			repositoryURL = "https://github.com/firebase/firebase-ios-sdk.git";
			requirement = {
				kind = upToNextMajorVersion;
				minimumVersion = 11.6.0;
			};
		};
		C3AF16F62D20BBAD004BCC5F /* XCRemoteSwiftPackageReference "iOSDropDown" */ = {
			isa = XCRemoteSwiftPackageReference;
			repositoryURL = "https://github.com/jriosdev/iOSDropDown";
			requirement = {
				kind = upToNextMajorVersion;
				minimumVersion = 0.4.0;
			};
		};
/* End XCRemoteSwiftPackageReference section */

/* Begin XCSwiftPackageProductDependency section */
		C3269C2A2D18EF2500955074 /* SDWebImage */ = {
			isa = XCSwiftPackageProductDependency;
			package = C358BF362D18E816003947B4 /* XCRemoteSwiftPackageReference "SDWebImage" */;
			productName = SDWebImage;
		};
		C358BF312D18E7A1003947B4 /* IQKeyboardManagerSwift */ = {
			isa = XCSwiftPackageProductDependency;
			package = C358BF302D18E7A1003947B4 /* XCRemoteSwiftPackageReference "IQKeyboardManager" */;
			productName = IQKeyboardManagerSwift;
		};
		C358BF342D18E7DA003947B4 /* FSCalendar */ = {
			isa = XCSwiftPackageProductDependency;
			package = C358BF332D18E7DA003947B4 /* XCRemoteSwiftPackageReference "FSCalendar" */;
			productName = FSCalendar;
		};
		C3AAAEDC2D18EDB600F66B05 /* FirebaseAnalytics */ = {
			isa = XCSwiftPackageProductDependency;
			package = C358BF372D18E903003947B4 /* XCRemoteSwiftPackageReference "firebase-ios-sdk" */;
			productName = FirebaseAnalytics;
		};
		C3AAAEDE2D18EDB600F66B05 /* FirebaseAnalyticsOnDeviceConversion */ = {
			isa = XCSwiftPackageProductDependency;
			package = C358BF372D18E903003947B4 /* XCRemoteSwiftPackageReference "firebase-ios-sdk" */;
			productName = FirebaseAnalyticsOnDeviceConversion;
		};
		C3AAAEE02D18EDB600F66B05 /* FirebaseAnalyticsWithoutAdIdSupport */ = {
			isa = XCSwiftPackageProductDependency;
			package = C358BF372D18E903003947B4 /* XCRemoteSwiftPackageReference "firebase-ios-sdk" */;
			productName = FirebaseAnalyticsWithoutAdIdSupport;
		};
		C3AAAEE22D18EDB600F66B05 /* FirebaseAppCheck */ = {
			isa = XCSwiftPackageProductDependency;
			package = C358BF372D18E903003947B4 /* XCRemoteSwiftPackageReference "firebase-ios-sdk" */;
			productName = FirebaseAppCheck;
		};
		C3AAAEE42D18EDB600F66B05 /* FirebaseAppDistribution-Beta */ = {
			isa = XCSwiftPackageProductDependency;
			package = C358BF372D18E903003947B4 /* XCRemoteSwiftPackageReference "firebase-ios-sdk" */;
			productName = "FirebaseAppDistribution-Beta";
		};
		C3AAAEE62D18EDB600F66B05 /* FirebaseAuth */ = {
			isa = XCSwiftPackageProductDependency;
			package = C358BF372D18E903003947B4 /* XCRemoteSwiftPackageReference "firebase-ios-sdk" */;
			productName = FirebaseAuth;
		};
		C3AAAEE82D18EDB600F66B05 /* FirebaseAuthCombine-Community */ = {
			isa = XCSwiftPackageProductDependency;
			package = C358BF372D18E903003947B4 /* XCRemoteSwiftPackageReference "firebase-ios-sdk" */;
			productName = "FirebaseAuthCombine-Community";
		};
		C3AAAEEA2D18EDB600F66B05 /* FirebaseCore */ = {
			isa = XCSwiftPackageProductDependency;
			package = C358BF372D18E903003947B4 /* XCRemoteSwiftPackageReference "firebase-ios-sdk" */;
			productName = FirebaseCore;
		};
		C3AAAEEC2D18EDB600F66B05 /* FirebaseCrashlytics */ = {
			isa = XCSwiftPackageProductDependency;
			package = C358BF372D18E903003947B4 /* XCRemoteSwiftPackageReference "firebase-ios-sdk" */;
			productName = FirebaseCrashlytics;
		};
		C3AAAEEE2D18EDB600F66B05 /* FirebaseDatabase */ = {
			isa = XCSwiftPackageProductDependency;
			package = C358BF372D18E903003947B4 /* XCRemoteSwiftPackageReference "firebase-ios-sdk" */;
			productName = FirebaseDatabase;
		};
		C3AAAEF02D18EDB600F66B05 /* FirebaseDynamicLinks */ = {
			isa = XCSwiftPackageProductDependency;
			package = C358BF372D18E903003947B4 /* XCRemoteSwiftPackageReference "firebase-ios-sdk" */;
			productName = FirebaseDynamicLinks;
		};
		C3AAAEF22D18EDB600F66B05 /* FirebaseFirestore */ = {
			isa = XCSwiftPackageProductDependency;
			package = C358BF372D18E903003947B4 /* XCRemoteSwiftPackageReference "firebase-ios-sdk" */;
			productName = FirebaseFirestore;
		};
		C3AAAEF42D18EDB600F66B05 /* FirebaseFirestoreCombine-Community */ = {
			isa = XCSwiftPackageProductDependency;
			package = C358BF372D18E903003947B4 /* XCRemoteSwiftPackageReference "firebase-ios-sdk" */;
			productName = "FirebaseFirestoreCombine-Community";
		};
		C3AAAEF62D18EDB600F66B05 /* FirebaseFunctions */ = {
			isa = XCSwiftPackageProductDependency;
			package = C358BF372D18E903003947B4 /* XCRemoteSwiftPackageReference "firebase-ios-sdk" */;
			productName = FirebaseFunctions;
		};
		C3AAAEF82D18EDB600F66B05 /* FirebaseFunctionsCombine-Community */ = {
			isa = XCSwiftPackageProductDependency;
			package = C358BF372D18E903003947B4 /* XCRemoteSwiftPackageReference "firebase-ios-sdk" */;
			productName = "FirebaseFunctionsCombine-Community";
		};
		C3AAAEFA2D18EDB600F66B05 /* FirebaseInAppMessaging-Beta */ = {
			isa = XCSwiftPackageProductDependency;
			package = C358BF372D18E903003947B4 /* XCRemoteSwiftPackageReference "firebase-ios-sdk" */;
			productName = "FirebaseInAppMessaging-Beta";
		};
		C3AAAEFC2D18EDB600F66B05 /* FirebaseInstallations */ = {
			isa = XCSwiftPackageProductDependency;
			package = C358BF372D18E903003947B4 /* XCRemoteSwiftPackageReference "firebase-ios-sdk" */;
			productName = FirebaseInstallations;
		};
		C3AAAEFE2D18EDB600F66B05 /* FirebaseMLModelDownloader */ = {
			isa = XCSwiftPackageProductDependency;
			package = C358BF372D18E903003947B4 /* XCRemoteSwiftPackageReference "firebase-ios-sdk" */;
			productName = FirebaseMLModelDownloader;
		};
		C3AAAF002D18EDB600F66B05 /* FirebaseMessaging */ = {
			isa = XCSwiftPackageProductDependency;
			package = C358BF372D18E903003947B4 /* XCRemoteSwiftPackageReference "firebase-ios-sdk" */;
			productName = FirebaseMessaging;
		};
		C3AAAF022D18EDB600F66B05 /* FirebasePerformance */ = {
			isa = XCSwiftPackageProductDependency;
			package = C358BF372D18E903003947B4 /* XCRemoteSwiftPackageReference "firebase-ios-sdk" */;
			productName = FirebasePerformance;
		};
		C3AAAF042D18EDB600F66B05 /* FirebaseRemoteConfig */ = {
			isa = XCSwiftPackageProductDependency;
			package = C358BF372D18E903003947B4 /* XCRemoteSwiftPackageReference "firebase-ios-sdk" */;
			productName = FirebaseRemoteConfig;
		};
		C3AAAF062D18EDB600F66B05 /* FirebaseStorage */ = {
			isa = XCSwiftPackageProductDependency;
			package = C358BF372D18E903003947B4 /* XCRemoteSwiftPackageReference "firebase-ios-sdk" */;
			productName = FirebaseStorage;
		};
		C3AAAF082D18EDB600F66B05 /* FirebaseStorageCombine-Community */ = {
			isa = XCSwiftPackageProductDependency;
			package = C358BF372D18E903003947B4 /* XCRemoteSwiftPackageReference "firebase-ios-sdk" */;
			productName = "FirebaseStorageCombine-Community";
		};
		C3AAAF0A2D18EDB600F66B05 /* FirebaseVertexAI */ = {
			isa = XCSwiftPackageProductDependency;
			package = C358BF372D18E903003947B4 /* XCRemoteSwiftPackageReference "firebase-ios-sdk" */;
			productName = FirebaseVertexAI;
		};
		C3AF16F72D20BBAD004BCC5F /* iOSDropDown */ = {
			isa = XCSwiftPackageProductDependency;
			package = C3AF16F62D20BBAD004BCC5F /* XCRemoteSwiftPackageReference "iOSDropDown" */;
			productName = iOSDropDown;
		};
/* End XCSwiftPackageProductDependency section */
	};
	rootObject = C3B5B8352D180DD400195BBE /* Project object */;
}
